
Microsoft Visual Studio Solution File, Format Version 12.00
# Visual Studio Version 17
VisualStudioVersion = 17.13.35913.81 d17.13
MinimumVisualStudioVersion = 10.0.40219.1
Project("{8BC9CEB8-8B4A-11D0-8D11-00A0C91BC942}") = "Assimp Binary", "Assimp Binary\default\Assimp Binary.vcxproj", "{7BF79BBD-B8A1-49A4-9FE0-03837E44EBB7}"
EndProject
Global
	GlobalSection(SolutionConfigurationPlatforms) = preSolution
		Debug|x64 = Debug|x64
		Debug|x86 = Debug|x86
		Release|x64 = Release|x64
		Release|x86 = Release|x86
	EndGlobalSection
	GlobalSection(ProjectConfigurationPlatforms) = postSolution
		{7BF79BBD-B8A1-49A4-9FE0-03837E44EBB7}.Debug|x64.ActiveCfg = Debug|x64
		{7BF79BBD-B8A1-49A4-9FE0-03837E44EBB7}.Debug|x64.Build.0 = Debug|x64
		{7BF79BBD-B8A1-49A4-9FE0-03837E44EBB7}.Debug|x86.ActiveCfg = Debug|Win32
		{7BF79BBD-B8A1-49A4-9FE0-03837E44EBB7}.Debug|x86.Build.0 = Debug|Win32
		{7BF79BBD-B8A1-49A4-9FE0-03837E44EBB7}.Release|x64.ActiveCfg = Release|x64
		{7BF79BBD-B8A1-49A4-9FE0-03837E44EBB7}.Release|x64.Build.0 = Release|x64
		{7BF79BBD-B8A1-49A4-9FE0-03837E44EBB7}.Release|x86.ActiveCfg = Release|Win32
		{7BF79BBD-B8A1-49A4-9FE0-03837E44EBB7}.Release|x86.Build.0 = Release|Win32
	EndGlobalSection
	GlobalSection(SolutionProperties) = preSolution
		HideSolutionNode = FALSE
	EndGlobalSection
	GlobalSection(ExtensibilityGlobals) = postSolution
		SolutionGuid = {21B99E1C-E54B-45C1-A305-6B67BD337E2A}
	EndGlobalSection
EndGlobal
