
Microsoft Visual Studio Solution File, Format Version 12.00
# Visual Studio Version 17
VisualStudioVersion = 17.11.35312.102
MinimumVisualStudioVersion = 10.0.40219.1
Project("{8BC9CEB8-8B4A-11D0-8D11-00A0C91BC942}") = "그래프", "그래프\그래프.vcxproj", "{756E7B15-160A-4537-9AA4-EDE3AFBB3EBC}"
EndProject
Global
	GlobalSection(SolutionConfigurationPlatforms) = preSolution
		Debug|x64 = Debug|x64
		Debug|x86 = Debug|x86
		Release|x64 = Release|x64
		Release|x86 = Release|x86
	EndGlobalSection
	GlobalSection(ProjectConfigurationPlatforms) = postSolution
		{756E7B15-160A-4537-9AA4-EDE3AFBB3EBC}.Debug|x64.ActiveCfg = Debug|x64
		{756E7B15-160A-4537-9AA4-EDE3AFBB3EBC}.Debug|x64.Build.0 = Debug|x64
		{756E7B15-160A-4537-9AA4-EDE3AFBB3EBC}.Debug|x86.ActiveCfg = Debug|Win32
		{756E7B15-160A-4537-9AA4-EDE3AFBB3EBC}.Debug|x86.Build.0 = Debug|Win32
		{756E7B15-160A-4537-9AA4-EDE3AFBB3EBC}.Release|x64.ActiveCfg = Release|x64
		{756E7B15-160A-4537-9AA4-EDE3AFBB3EBC}.Release|x64.Build.0 = Release|x64
		{756E7B15-160A-4537-9AA4-EDE3AFBB3EBC}.Release|x86.ActiveCfg = Release|Win32
		{756E7B15-160A-4537-9AA4-EDE3AFBB3EBC}.Release|x86.Build.0 = Release|Win32
	EndGlobalSection
	GlobalSection(SolutionProperties) = preSolution
		HideSolutionNode = FALSE
	EndGlobalSection
	GlobalSection(ExtensibilityGlobals) = postSolution
		SolutionGuid = {84888E65-BFA9-4962-9B60-87E095FC9836}
	EndGlobalSection
EndGlobal
