<?xml version="1.0" encoding="utf-8"?>
<Project ToolsVersion="4.0" xmlns="http://schemas.microsoft.com/developer/msbuild/2003">
  <ItemGroup>
    <Filter Include="소스 파일">
      <UniqueIdentifier>{4FC737F1-C7A5-4376-A066-2A32D752A2FF}</UniqueIdentifier>
      <Extensions>cpp;c;cc;cxx;c++;cppm;ixx;def;odl;idl;hpj;bat;asm;asmx</Extensions>
    </Filter>
    <Filter Include="헤더 파일">
      <UniqueIdentifier>{93995380-89BD-4b04-88EB-625FBE52EBFB}</UniqueIdentifier>
      <Extensions>h;hh;hpp;hxx;h++;hm;inl;inc;ipp;xsd</Extensions>
    </Filter>
    <Filter Include="리소스 파일">
      <UniqueIdentifier>{67DA6AB6-F800-4c08-8B7A-83BB121AAD01}</UniqueIdentifier>
      <Extensions>rc;ico;cur;bmp;dlg;rc2;rct;bin;rgs;gif;jpg;jpeg;jpe;resx;tiff;tif;png;wav;mfcribbon-ms</Extensions>
    </Filter>
    <Filter Include="00_MainGame">
      <UniqueIdentifier>{b7370fdb-0882-4cb5-828e-32e54b8dac9f}</UniqueIdentifier>
    </Filter>
    <Filter Include="01_Scenes">
      <UniqueIdentifier>{da972fba-f340-4731-b925-e945f51ef00e}</UniqueIdentifier>
    </Filter>
    <Filter Include="01_Scenes\1_Start">
      <UniqueIdentifier>{1754f260-c0cb-4395-b84d-8ebe0ab11bb1}</UniqueIdentifier>
    </Filter>
    <Filter Include="01_Scenes\2_Stage">
      <UniqueIdentifier>{1f0cd2eb-3d22-4d5d-a6b3-952b5f219563}</UniqueIdentifier>
    </Filter>
    <Filter Include="01_Scenes\3_End">
      <UniqueIdentifier>{fce48f11-7c15-4c98-bf46-d381e4573425}</UniqueIdentifier>
    </Filter>
    <Filter Include="02_Object">
      <UniqueIdentifier>{4078d17e-de58-4bd6-94b9-f6f12c4c76dd}</UniqueIdentifier>
    </Filter>
    <Filter Include="02_Object\Player">
      <UniqueIdentifier>{c612bac8-447b-4830-b275-e891154fc32d}</UniqueIdentifier>
    </Filter>
    <Filter Include="02_Object\Bullet">
      <UniqueIdentifier>{53ad7369-3fa2-486c-847a-1106a5f420a4}</UniqueIdentifier>
    </Filter>
    <Filter Include="02_Object\Monster">
      <UniqueIdentifier>{6e0e0ffb-7c50-41e1-bb52-ca322cbeb17d}</UniqueIdentifier>
    </Filter>
    <Filter Include="03_Collision">
      <UniqueIdentifier>{c38705a7-60f1-4447-9c10-50f8b9c717a3}</UniqueIdentifier>
    </Filter>
    <Filter Include="02_Object\Satellite">
      <UniqueIdentifier>{4c0d5e8b-67ba-4509-875f-7abb9a428f03}</UniqueIdentifier>
    </Filter>
    <Filter Include="02_Object\Item">
      <UniqueIdentifier>{037e1e10-c972-42e4-af12-c47e7b42992f}</UniqueIdentifier>
    </Filter>
    <Filter Include="02_Object\Item\FireRate">
      <UniqueIdentifier>{bec22ac3-cf76-4b71-9912-860a415a2026}</UniqueIdentifier>
    </Filter>
    <Filter Include="02_Object\Item\Bullet">
      <UniqueIdentifier>{0ddc5d7a-aa11-4f54-ada7-1bd376a5241c}</UniqueIdentifier>
    </Filter>
    <Filter Include="02_Object\Item\Satellite">
      <UniqueIdentifier>{61d15aac-afdc-42da-b4f7-dc905f3af637}</UniqueIdentifier>
    </Filter>
    <Filter Include="02_Object\Bullet\ScrewBullet">
      <UniqueIdentifier>{59d5556e-eccc-438a-afe2-dcf313569aff}</UniqueIdentifier>
    </Filter>
  </ItemGroup>
  <ItemGroup>
    <ClInclude Include="framework.h">
      <Filter>헤더 파일</Filter>
    </ClInclude>
    <ClInclude Include="targetver.h">
      <Filter>헤더 파일</Filter>
    </ClInclude>
    <ClInclude Include="Resource.h">
      <Filter>헤더 파일</Filter>
    </ClInclude>
    <ClInclude Include="Team1.h">
      <Filter>헤더 파일</Filter>
    </ClInclude>
    <ClInclude Include="pch.h">
      <Filter>헤더 파일</Filter>
    </ClInclude>
    <ClInclude Include="Define.h">
      <Filter>헤더 파일</Filter>
    </ClInclude>
    <ClInclude Include="MainGame.h">
      <Filter>00_MainGame</Filter>
    </ClInclude>
    <ClInclude Include="SceneObj.h">
      <Filter>01_Scenes</Filter>
    </ClInclude>
    <ClInclude Include="StartScene.h">
      <Filter>01_Scenes\1_Start</Filter>
    </ClInclude>
    <ClInclude Include="StageScene.h">
      <Filter>01_Scenes\2_Stage</Filter>
    </ClInclude>
    <ClInclude Include="Obj.h">
      <Filter>02_Object</Filter>
    </ClInclude>
    <ClInclude Include="Player.h">
      <Filter>02_Object\Player</Filter>
    </ClInclude>
    <ClInclude Include="EndScene.h">
      <Filter>01_Scenes\3_End</Filter>
    </ClInclude>
    <ClInclude Include="Bullet.h">
      <Filter>02_Object\Bullet</Filter>
    </ClInclude>
    <ClInclude Include="Monster.h">
      <Filter>02_Object\Monster</Filter>
    </ClInclude>
    <ClInclude Include="CollisionMgr.h">
      <Filter>03_Collision</Filter>
    </ClInclude>
    <ClInclude Include="Satellite.h">
      <Filter>02_Object\Satellite</Filter>
    </ClInclude>
    <ClInclude Include="Item.h">
      <Filter>02_Object\Item</Filter>
    </ClInclude>
    <ClInclude Include="FireRate_Item.h">
      <Filter>02_Object\Item\FireRate</Filter>
    </ClInclude>
    <ClInclude Include="Bullet_Item.h">
      <Filter>02_Object\Item\Bullet</Filter>
    </ClInclude>
    <ClInclude Include="Satellite_Item.h">
      <Filter>02_Object\Item\Satellite</Filter>
    </ClInclude>
    <ClInclude Include="ScrewBullet.h">
      <Filter>02_Object\Bullet\ScrewBullet</Filter>
    </ClInclude>
  </ItemGroup>
  <ItemGroup>
    <ClCompile Include="Team1.cpp">
      <Filter>소스 파일</Filter>
    </ClCompile>
    <ClCompile Include="pch.cpp">
      <Filter>소스 파일</Filter>
    </ClCompile>
    <ClCompile Include="MainGame.cpp">
      <Filter>00_MainGame</Filter>
    </ClCompile>
    <ClCompile Include="SceneObj.cpp">
      <Filter>01_Scenes</Filter>
    </ClCompile>
    <ClCompile Include="StartScene.cpp">
      <Filter>01_Scenes\1_Start</Filter>
    </ClCompile>
    <ClCompile Include="StageScene.cpp">
      <Filter>01_Scenes\2_Stage</Filter>
    </ClCompile>
    <ClCompile Include="EndScene.cpp">
      <Filter>01_Scenes\3_End</Filter>
    </ClCompile>
    <ClCompile Include="Obj.cpp">
      <Filter>02_Object</Filter>
    </ClCompile>
    <ClCompile Include="Player.cpp">
      <Filter>02_Object\Player</Filter>
    </ClCompile>
    <ClCompile Include="Bullet.cpp">
      <Filter>02_Object\Bullet</Filter>
    </ClCompile>
    <ClCompile Include="Monster.cpp">
      <Filter>02_Object\Monster</Filter>
    </ClCompile>
    <ClCompile Include="CollisionMgr.cpp">
      <Filter>03_Collision</Filter>
    </ClCompile>
    <ClCompile Include="Satellite.cpp">
      <Filter>02_Object\Satellite</Filter>
    </ClCompile>
    <ClCompile Include="Item.cpp">
      <Filter>02_Object\Item</Filter>
    </ClCompile>
    <ClCompile Include="FireRate_Item.cpp">
      <Filter>02_Object\Item\FireRate</Filter>
    </ClCompile>
    <ClCompile Include="Bullet_Item.cpp">
      <Filter>02_Object\Item\Bullet</Filter>
    </ClCompile>
    <ClCompile Include="Satellite_Item.cpp">
      <Filter>02_Object\Item\Satellite</Filter>
    </ClCompile>
    <ClCompile Include="ScrewBullet.cpp">
      <Filter>02_Object\Bullet\ScrewBullet</Filter>
    </ClCompile>
  </ItemGroup>
  <ItemGroup>
    <ResourceCompile Include="Team1.rc">
      <Filter>리소스 파일</Filter>
    </ResourceCompile>
  </ItemGroup>
  <ItemGroup>
    <Image Include="small.ico">
      <Filter>리소스 파일</Filter>
    </Image>
    <Image Include="Team1.ico">
      <Filter>리소스 파일</Filter>
    </Image>
  </ItemGroup>
</Project>