<?xml version="1.0" encoding="utf-8"?>
<Project ToolsVersion="4.0" xmlns="http://schemas.microsoft.com/developer/msbuild/2003">
  <ItemGroup>
    <Filter Include="소스 파일">
      <UniqueIdentifier>{4FC737F1-C7A5-4376-A066-2A32D752A2FF}</UniqueIdentifier>
      <Extensions>cpp;c;cc;cxx;c++;cppm;ixx;def;odl;idl;hpj;bat;asm;asmx</Extensions>
    </Filter>
    <Filter Include="헤더 파일">
      <UniqueIdentifier>{93995380-89BD-4b04-88EB-625FBE52EBFB}</UniqueIdentifier>
      <Extensions>h;hh;hpp;hxx;h++;hm;inl;inc;ipp;xsd</Extensions>
    </Filter>
    <Filter Include="리소스 파일">
      <UniqueIdentifier>{67DA6AB6-F800-4c08-8B7A-83BB121AAD01}</UniqueIdentifier>
      <Extensions>rc;ico;cur;bmp;dlg;rc2;rct;bin;rgs;gif;jpg;jpeg;jpe;resx;tiff;tif;png;wav;mfcribbon-ms</Extensions>
    </Filter>
    <Filter Include="KeyMgr">
      <UniqueIdentifier>{f5f61b2e-64bd-43f4-b7f9-b974fd9b0187}</UniqueIdentifier>
    </Filter>
    <Filter Include="MainGame">
      <UniqueIdentifier>{5215c4bd-6529-422d-8ab2-e74cb61e38c8}</UniqueIdentifier>
    </Filter>
    <Filter Include="ScrollMgr">
      <UniqueIdentifier>{d97934c9-d486-43b5-9d94-30220a08a35d}</UniqueIdentifier>
    </Filter>
    <Filter Include="AbstractFactory">
      <UniqueIdentifier>{e36c8853-b04b-471b-b2bc-5c2409a9005e}</UniqueIdentifier>
    </Filter>
    <Filter Include="Obj">
      <UniqueIdentifier>{22dadb02-9a75-4827-bf91-59c110a15fc9}</UniqueIdentifier>
    </Filter>
    <Filter Include="Obj\Block">
      <UniqueIdentifier>{c781a7fd-9056-4f03-90f2-d0068c0f319a}</UniqueIdentifier>
    </Filter>
    <Filter Include="BlockMgr">
      <UniqueIdentifier>{334c6510-2ccf-43bf-b823-7d5f9b9351a0}</UniqueIdentifier>
    </Filter>
    <Filter Include="MyBmp">
      <UniqueIdentifier>{22692b87-f01e-4f8d-82b4-6a6118a37110}</UniqueIdentifier>
    </Filter>
    <Filter Include="BmpMgr">
      <UniqueIdentifier>{8611e782-1d6f-4a5a-b3ef-88d61b3f4723}</UniqueIdentifier>
    </Filter>
    <Filter Include="Obj\Monster">
      <UniqueIdentifier>{bbb63c29-486f-446b-8ebe-75c961a95f5a}</UniqueIdentifier>
    </Filter>
    <Filter Include="ObjMgr">
      <UniqueIdentifier>{1ed778b7-48eb-4556-899b-25c2acf03fb4}</UniqueIdentifier>
    </Filter>
  </ItemGroup>
  <ItemGroup>
    <ClInclude Include="framework.h">
      <Filter>헤더 파일</Filter>
    </ClInclude>
    <ClInclude Include="targetver.h">
      <Filter>헤더 파일</Filter>
    </ClInclude>
    <ClInclude Include="Resource.h">
      <Filter>헤더 파일</Filter>
    </ClInclude>
    <ClInclude Include="BoxEditor.h">
      <Filter>헤더 파일</Filter>
    </ClInclude>
    <ClInclude Include="pch.h">
      <Filter>헤더 파일</Filter>
    </ClInclude>
    <ClInclude Include="CMainGame.h">
      <Filter>MainGame</Filter>
    </ClInclude>
    <ClInclude Include="CKeyMgr.h">
      <Filter>KeyMgr</Filter>
    </ClInclude>
    <ClInclude Include="CScrollMgr.h">
      <Filter>ScrollMgr</Filter>
    </ClInclude>
    <ClInclude Include="Define.h">
      <Filter>헤더 파일</Filter>
    </ClInclude>
    <ClInclude Include="CAbstractFactory.h">
      <Filter>AbstractFactory</Filter>
    </ClInclude>
    <ClInclude Include="CObj.h">
      <Filter>Obj</Filter>
    </ClInclude>
    <ClInclude Include="Block.h">
      <Filter>Obj\Block</Filter>
    </ClInclude>
    <ClInclude Include="BlockMgr.h">
      <Filter>BlockMgr</Filter>
    </ClInclude>
    <ClInclude Include="CBmpMgr.h">
      <Filter>BmpMgr</Filter>
    </ClInclude>
    <ClInclude Include="CMyBmp.h">
      <Filter>MyBmp</Filter>
    </ClInclude>
    <ClInclude Include="Monster.h">
      <Filter>Obj\Monster</Filter>
    </ClInclude>
    <ClInclude Include="CObjMgr.h">
      <Filter>ObjMgr</Filter>
    </ClInclude>
  </ItemGroup>
  <ItemGroup>
    <ClCompile Include="BoxEditor.cpp">
      <Filter>소스 파일</Filter>
    </ClCompile>
    <ClCompile Include="pch.cpp">
      <Filter>소스 파일</Filter>
    </ClCompile>
    <ClCompile Include="CMainGame.cpp">
      <Filter>MainGame</Filter>
    </ClCompile>
    <ClCompile Include="CKeyMgr.cpp">
      <Filter>KeyMgr</Filter>
    </ClCompile>
    <ClCompile Include="CScrollMgr.cpp">
      <Filter>ScrollMgr</Filter>
    </ClCompile>
    <ClCompile Include="CObj.cpp">
      <Filter>Obj</Filter>
    </ClCompile>
    <ClCompile Include="Block.cpp">
      <Filter>Obj\Block</Filter>
    </ClCompile>
    <ClCompile Include="BlockMgr.cpp">
      <Filter>BlockMgr</Filter>
    </ClCompile>
    <ClCompile Include="CBmpMgr.cpp">
      <Filter>BmpMgr</Filter>
    </ClCompile>
    <ClCompile Include="CMyBmp.cpp">
      <Filter>MyBmp</Filter>
    </ClCompile>
    <ClCompile Include="Monster.cpp">
      <Filter>Obj\Monster</Filter>
    </ClCompile>
    <ClCompile Include="CObjMgr.cpp">
      <Filter>ObjMgr</Filter>
    </ClCompile>
  </ItemGroup>
  <ItemGroup>
    <ResourceCompile Include="BoxEditor.rc">
      <Filter>리소스 파일</Filter>
    </ResourceCompile>
  </ItemGroup>
  <ItemGroup>
    <Image Include="small.ico">
      <Filter>리소스 파일</Filter>
    </Image>
    <Image Include="BoxEditor.ico">
      <Filter>리소스 파일</Filter>
    </Image>
  </ItemGroup>
  <ItemGroup>
    <None Include="ClassDiagram.cd" />
  </ItemGroup>
</Project>