<?xml version="1.0" encoding="utf-8"?>
<Project ToolsVersion="4.0" xmlns="http://schemas.microsoft.com/developer/msbuild/2003">
  <ItemGroup>
    <Filter Include="99.Headers">
      <UniqueIdentifier>{fcace3ae-9159-40b6-9db2-b1157c2c1a8e}</UniqueIdentifier>
    </Filter>
    <Filter Include="98.Default">
      <UniqueIdentifier>{c71aa598-32ef-4232-87ce-4a5d4dad2483}</UniqueIdentifier>
    </Filter>
    <Filter Include="00.MainApp">
      <UniqueIdentifier>{369681bb-6938-407b-bc8d-ba710eb82c23}</UniqueIdentifier>
    </Filter>
    <Filter Include="01.Levels">
      <UniqueIdentifier>{41256f5c-82f1-4be2-a738-7bf24b49e419}</UniqueIdentifier>
    </Filter>
    <Filter Include="01.Levels\Logo">
      <UniqueIdentifier>{a926e41f-b171-4b7c-90c8-605be1a166f7}</UniqueIdentifier>
    </Filter>
    <Filter Include="01.Levels\Loading">
      <UniqueIdentifier>{cd6f1077-a658-4259-ad08-ca7b827e1e50}</UniqueIdentifier>
    </Filter>
    <Filter Include="01.Levels\Loading\Loader">
      <UniqueIdentifier>{a4567c73-3efb-4ce1-a29b-da4945a9cb93}</UniqueIdentifier>
    </Filter>
    <Filter Include="01.Levels\GamePlay">
      <UniqueIdentifier>{efb49076-2627-4a87-abf5-c51f865b5c61}</UniqueIdentifier>
    </Filter>
    <Filter Include="02.GameObjects">
      <UniqueIdentifier>{fc197735-46d5-4551-ad66-96d8601cef85}</UniqueIdentifier>
    </Filter>
    <Filter Include="02.GameObjects\BackGround">
      <UniqueIdentifier>{cacde4f5-7fc7-406d-9ed5-7a738becec0f}</UniqueIdentifier>
    </Filter>
    <Filter Include="02.GameObjects\Terrain">
      <UniqueIdentifier>{9de21c46-a0f5-43b6-8a26-1378d9bcc1aa}</UniqueIdentifier>
    </Filter>
    <Filter Include="02.GameObjects\Camera">
      <UniqueIdentifier>{ca227791-6c30-46ed-b75c-8604aeaf2b89}</UniqueIdentifier>
    </Filter>
    <Filter Include="02.GameObjects\Camera\Free">
      <UniqueIdentifier>{9a579ff3-968b-4937-b82a-dcf470db3132}</UniqueIdentifier>
    </Filter>
    <Filter Include="02.GameObjects\Cube">
      <UniqueIdentifier>{069e6cbc-cfb6-4f05-8251-96e163a22c2c}</UniqueIdentifier>
    </Filter>
    <Filter Include="100.Network">
      <UniqueIdentifier>{e01cbf66-3e7f-4bff-a021-8e62ae840753}</UniqueIdentifier>
    </Filter>
    <Filter Include="100.Network\RingBuffer">
      <UniqueIdentifier>{d9489910-5657-4b93-bfea-e87fcfd52fc9}</UniqueIdentifier>
    </Filter>
    <Filter Include="100.Network\Packet">
      <UniqueIdentifier>{21c5eada-98a6-4b0d-b451-96788b0988a3}</UniqueIdentifier>
    </Filter>
    <Filter Include="100.Network\Packet\PacketHandler">
      <UniqueIdentifier>{5a036e6e-aaa7-464a-bb2d-46a4665cd8b1}</UniqueIdentifier>
    </Filter>
  </ItemGroup>
  <ItemGroup>
    <ClInclude Include="Client.h">
      <Filter>98.Default</Filter>
    </ClInclude>
    <ClInclude Include="framework.h">
      <Filter>98.Default</Filter>
    </ClInclude>
    <ClInclude Include="Resource.h">
      <Filter>98.Default</Filter>
    </ClInclude>
    <ClInclude Include="targetver.h">
      <Filter>98.Default</Filter>
    </ClInclude>
    <ClInclude Include="MainApp.h">
      <Filter>00.MainApp</Filter>
    </ClInclude>
    <ClInclude Include="..\public\Client_Defines.h">
      <Filter>99.Headers</Filter>
    </ClInclude>
    <ClInclude Include="..\public\Client_Enum.h">
      <Filter>99.Headers</Filter>
    </ClInclude>
    <ClInclude Include="..\public\Level_Logo.h">
      <Filter>01.Levels\Logo</Filter>
    </ClInclude>
    <ClInclude Include="..\public\Level_Loading.h">
      <Filter>01.Levels\Loading</Filter>
    </ClInclude>
    <ClInclude Include="..\public\Loader.h">
      <Filter>01.Levels\Loading\Loader</Filter>
    </ClInclude>
    <ClInclude Include="..\public\Level_GamePlay.h">
      <Filter>01.Levels\GamePlay</Filter>
    </ClInclude>
    <ClInclude Include="..\public\BackGround.h">
      <Filter>02.GameObjects\BackGround</Filter>
    </ClInclude>
    <ClInclude Include="..\public\Terrain.h">
      <Filter>02.GameObjects\Terrain</Filter>
    </ClInclude>
    <ClInclude Include="..\public\Camera_Free.h">
      <Filter>02.GameObjects\Camera\Free</Filter>
    </ClInclude>
    <ClInclude Include="..\public\Cube.h">
      <Filter>02.GameObjects\Cube</Filter>
    </ClInclude>
    <ClInclude Include="..\public\Network.h">
      <Filter>100.Network</Filter>
    </ClInclude>
    <ClInclude Include="..\public\Packet.h">
      <Filter>100.Network\Packet</Filter>
    </ClInclude>
    <ClInclude Include="..\public\RingBuffer.h">
      <Filter>100.Network\RingBuffer</Filter>
    </ClInclude>
    <ClInclude Include="..\public\PacketHandler.h">
      <Filter>100.Network\Packet\PacketHandler</Filter>
    </ClInclude>
  </ItemGroup>
  <ItemGroup>
    <Image Include="Client.ico">
      <Filter>98.Default</Filter>
    </Image>
    <Image Include="small.ico">
      <Filter>98.Default</Filter>
    </Image>
  </ItemGroup>
  <ItemGroup>
    <ResourceCompile Include="Client.rc">
      <Filter>98.Default</Filter>
    </ResourceCompile>
  </ItemGroup>
  <ItemGroup>
    <ClCompile Include="Client.cpp">
      <Filter>98.Default</Filter>
    </ClCompile>
    <ClCompile Include="MainApp.cpp">
      <Filter>00.MainApp</Filter>
    </ClCompile>
    <ClCompile Include="..\Private\Level_Logo.cpp">
      <Filter>01.Levels\Logo</Filter>
    </ClCompile>
    <ClCompile Include="..\private\Level_Loading.cpp">
      <Filter>01.Levels\Loading</Filter>
    </ClCompile>
    <ClCompile Include="..\private\Loader.cpp">
      <Filter>01.Levels\Loading\Loader</Filter>
    </ClCompile>
    <ClCompile Include="..\private\Level_GamePlay.cpp">
      <Filter>01.Levels\GamePlay</Filter>
    </ClCompile>
    <ClCompile Include="..\Private\BackGround.cpp">
      <Filter>02.GameObjects\BackGround</Filter>
    </ClCompile>
    <ClCompile Include="..\private\Terrain.cpp">
      <Filter>02.GameObjects\Terrain</Filter>
    </ClCompile>
    <ClCompile Include="..\private\Camera_Free.cpp">
      <Filter>02.GameObjects\Camera\Free</Filter>
    </ClCompile>
    <ClCompile Include="..\private\Cube.cpp">
      <Filter>02.GameObjects\Cube</Filter>
    </ClCompile>
    <ClCompile Include="..\private\Network.cpp">
      <Filter>100.Network</Filter>
    </ClCompile>
    <ClCompile Include="..\private\Packet.cpp">
      <Filter>100.Network\Packet</Filter>
    </ClCompile>
    <ClCompile Include="..\private\RingBuffer.cpp">
      <Filter>100.Network\RingBuffer</Filter>
    </ClCompile>
    <ClCompile Include="..\private\PacketHandler.cpp">
      <Filter>100.Network\Packet\PacketHandler</Filter>
    </ClCompile>
  </ItemGroup>
  <ItemGroup>
    <Text Include="ReadMe.txt" />
  </ItemGroup>
</Project>