<?xml version="1.0" encoding="utf-8"?>
<Project ToolsVersion="4.0" xmlns="http://schemas.microsoft.com/developer/msbuild/2003">
  <ItemGroup>
    <Filter Include="소스 파일">
      <UniqueIdentifier>{4FC737F1-C7A5-4376-A066-2A32D752A2FF}</UniqueIdentifier>
      <Extensions>cpp;c;cc;cxx;c++;cppm;ixx;def;odl;idl;hpj;bat;asm;asmx</Extensions>
    </Filter>
    <Filter Include="헤더 파일">
      <UniqueIdentifier>{93995380-89BD-4b04-88EB-625FBE52EBFB}</UniqueIdentifier>
      <Extensions>h;hh;hpp;hxx;h++;hm;inl;inc;ipp;xsd</Extensions>
    </Filter>
    <Filter Include="리소스 파일">
      <UniqueIdentifier>{67DA6AB6-F800-4c08-8B7A-83BB121AAD01}</UniqueIdentifier>
      <Extensions>rc;ico;cur;bmp;dlg;rc2;rct;bin;rgs;gif;jpg;jpeg;jpe;resx;tiff;tif;png;wav;mfcribbon-ms</Extensions>
    </Filter>
    <Filter Include="00_MainGame">
      <UniqueIdentifier>{b7370fdb-0882-4cb5-828e-32e54b8dac9f}</UniqueIdentifier>
    </Filter>
    <Filter Include="01_Scenes">
      <UniqueIdentifier>{da972fba-f340-4731-b925-e945f51ef00e}</UniqueIdentifier>
    </Filter>
    <Filter Include="01_Scenes\1_Start">
      <UniqueIdentifier>{1754f260-c0cb-4395-b84d-8ebe0ab11bb1}</UniqueIdentifier>
    </Filter>
    <Filter Include="01_Scenes\2_Stage">
      <UniqueIdentifier>{1f0cd2eb-3d22-4d5d-a6b3-952b5f219563}</UniqueIdentifier>
    </Filter>
    <Filter Include="01_Scenes\3_End">
      <UniqueIdentifier>{fce48f11-7c15-4c98-bf46-d381e4573425}</UniqueIdentifier>
    </Filter>
    <Filter Include="02_Object">
      <UniqueIdentifier>{4078d17e-de58-4bd6-94b9-f6f12c4c76dd}</UniqueIdentifier>
    </Filter>
    <Filter Include="02_Object\Player">
      <UniqueIdentifier>{c612bac8-447b-4830-b275-e891154fc32d}</UniqueIdentifier>
    </Filter>
    <Filter Include="02_Object\Bullet">
      <UniqueIdentifier>{53ad7369-3fa2-486c-847a-1106a5f420a4}</UniqueIdentifier>
    </Filter>
    <Filter Include="02_Object\Monster">
      <UniqueIdentifier>{6e0e0ffb-7c50-41e1-bb52-ca322cbeb17d}</UniqueIdentifier>
    </Filter>
    <Filter Include="03_Collision">
      <UniqueIdentifier>{c38705a7-60f1-4447-9c10-50f8b9c717a3}</UniqueIdentifier>
    </Filter>
    <Filter Include="02_Object\Bullet\BulletOne">
      <UniqueIdentifier>{300e350b-8a72-45b2-a745-3829845cf697}</UniqueIdentifier>
    </Filter>
    <Filter Include="02_Object\Bullet\BulletScrew">
      <UniqueIdentifier>{4ac282e3-782b-4d74-8a09-b1d72461cd75}</UniqueIdentifier>
    </Filter>
    <Filter Include="02_Object\Item">
      <UniqueIdentifier>{b8bb1a09-4572-4beb-ad03-e464e6a0ea3a}</UniqueIdentifier>
    </Filter>
    <Filter Include="02_Object\Item\BulletItem">
      <UniqueIdentifier>{1bc5af89-657d-4652-b888-2a30c397ca32}</UniqueIdentifier>
    </Filter>
    <Filter Include="02_Object\Item\HealItem">
      <UniqueIdentifier>{8127c88c-036c-45f8-80af-331174bc3606}</UniqueIdentifier>
    </Filter>
    <Filter Include="02_Object\Item\PSpeedItem">
      <UniqueIdentifier>{2429387e-8506-4561-80ae-e94acef1e2e6}</UniqueIdentifier>
    </Filter>
    <Filter Include="02_Object\Item\ShootSpeedItem">
      <UniqueIdentifier>{a671cd5e-cebc-430c-b862-7e4d5da9f1cf}</UniqueIdentifier>
    </Filter>
    <Filter Include="02_Object\Shield">
      <UniqueIdentifier>{4c0d5e8b-67ba-4509-875f-7abb9a428f03}</UniqueIdentifier>
    </Filter>
    <Filter Include="02_Object\Item\ShieldItem">
      <UniqueIdentifier>{dd7facc9-9f17-4827-94dd-fe59a79eba66}</UniqueIdentifier>
    </Filter>
    <Filter Include="01_Scenes\2_Stage\Stage1">
      <UniqueIdentifier>{5b74afe9-397e-41ec-87c2-084fcaafde22}</UniqueIdentifier>
    </Filter>
    <Filter Include="02_Object\Monster\ShotSpawner">
      <UniqueIdentifier>{88878d8c-1232-46ca-8ad1-935e6399dad8}</UniqueIdentifier>
    </Filter>
    <Filter Include="01_Scenes\2_Stage\StageHero">
      <UniqueIdentifier>{648049ef-48f7-483a-b2ce-eaf1fc8a1ee3}</UniqueIdentifier>
    </Filter>
    <Filter Include="02_Object\Monster\ShotSpawner\BossHero">
      <UniqueIdentifier>{720cf06e-538c-4340-87cd-cafb076f0844}</UniqueIdentifier>
    </Filter>
  </ItemGroup>
  <ItemGroup>
    <ClInclude Include="framework.h">
      <Filter>헤더 파일</Filter>
    </ClInclude>
    <ClInclude Include="targetver.h">
      <Filter>헤더 파일</Filter>
    </ClInclude>
    <ClInclude Include="Resource.h">
      <Filter>헤더 파일</Filter>
    </ClInclude>
    <ClInclude Include="Team1.h">
      <Filter>헤더 파일</Filter>
    </ClInclude>
    <ClInclude Include="pch.h">
      <Filter>헤더 파일</Filter>
    </ClInclude>
    <ClInclude Include="Define.h">
      <Filter>헤더 파일</Filter>
    </ClInclude>
    <ClInclude Include="MainGame.h">
      <Filter>00_MainGame</Filter>
    </ClInclude>
    <ClInclude Include="SceneObj.h">
      <Filter>01_Scenes</Filter>
    </ClInclude>
    <ClInclude Include="StartScene.h">
      <Filter>01_Scenes\1_Start</Filter>
    </ClInclude>
    <ClInclude Include="StageScene.h">
      <Filter>01_Scenes\2_Stage</Filter>
    </ClInclude>
    <ClInclude Include="Obj.h">
      <Filter>02_Object</Filter>
    </ClInclude>
    <ClInclude Include="Player.h">
      <Filter>02_Object\Player</Filter>
    </ClInclude>
    <ClInclude Include="EndScene.h">
      <Filter>01_Scenes\3_End</Filter>
    </ClInclude>
    <ClInclude Include="Bullet.h">
      <Filter>02_Object\Bullet</Filter>
    </ClInclude>
    <ClInclude Include="Monster.h">
      <Filter>02_Object\Monster</Filter>
    </ClInclude>
    <ClInclude Include="CollisionMgr.h">
      <Filter>03_Collision</Filter>
    </ClInclude>
    <ClInclude Include="Shield.h">
      <Filter>02_Object\Shield</Filter>
    </ClInclude>
    <ClInclude Include="Item.h">
      <Filter>02_Object\Item</Filter>
    </ClInclude>
    <ClInclude Include="BulletItem.h">
      <Filter>02_Object\Item\BulletItem</Filter>
    </ClInclude>
    <ClInclude Include="HealItem.h">
      <Filter>02_Object\Item\HealItem</Filter>
    </ClInclude>
    <ClInclude Include="ShootSpeedItem.h">
      <Filter>02_Object\Item\ShootSpeedItem</Filter>
    </ClInclude>
    <ClInclude Include="PSpeedItem.h">
      <Filter>02_Object\Item\PSpeedItem</Filter>
    </ClInclude>
    <ClInclude Include="BulletOne.h">
      <Filter>02_Object\Bullet\BulletOne</Filter>
    </ClInclude>
    <ClInclude Include="BulletScrew.h">
      <Filter>02_Object\Bullet\BulletScrew</Filter>
    </ClInclude>
    <ClInclude Include="ShieldItem.h">
      <Filter>02_Object\Item\ShieldItem</Filter>
    </ClInclude>
    <ClInclude Include="Stage1.h">
      <Filter>01_Scenes\2_Stage\Stage1</Filter>
    </ClInclude>
    <ClInclude Include="MonsterShoot.h">
      <Filter>02_Object\Monster\ShotSpawner</Filter>
    </ClInclude>
    <ClInclude Include="StageHero.h">
      <Filter>01_Scenes\2_Stage\StageHero</Filter>
    </ClInclude>
    <ClInclude Include="BossHero.h">
      <Filter>02_Object\Monster\ShotSpawner\BossHero</Filter>
    </ClInclude>
  </ItemGroup>
  <ItemGroup>
    <ClCompile Include="Team1.cpp">
      <Filter>소스 파일</Filter>
    </ClCompile>
    <ClCompile Include="MainGame.cpp">
      <Filter>00_MainGame</Filter>
    </ClCompile>
    <ClCompile Include="SceneObj.cpp">
      <Filter>01_Scenes</Filter>
    </ClCompile>
    <ClCompile Include="StartScene.cpp">
      <Filter>01_Scenes\1_Start</Filter>
    </ClCompile>
    <ClCompile Include="StageScene.cpp">
      <Filter>01_Scenes\2_Stage</Filter>
    </ClCompile>
    <ClCompile Include="EndScene.cpp">
      <Filter>01_Scenes\3_End</Filter>
    </ClCompile>
    <ClCompile Include="Obj.cpp">
      <Filter>02_Object</Filter>
    </ClCompile>
    <ClCompile Include="Player.cpp">
      <Filter>02_Object\Player</Filter>
    </ClCompile>
    <ClCompile Include="Monster.cpp">
      <Filter>02_Object\Monster</Filter>
    </ClCompile>
    <ClCompile Include="CollisionMgr.cpp">
      <Filter>03_Collision</Filter>
    </ClCompile>
    <ClCompile Include="Shield.cpp">
      <Filter>02_Object\Shield</Filter>
    </ClCompile>
    <ClCompile Include="Item.cpp">
      <Filter>02_Object\Item</Filter>
    </ClCompile>
    <ClCompile Include="Bullet.cpp">
      <Filter>02_Object\Bullet</Filter>
    </ClCompile>
    <ClCompile Include="BulletItem.cpp">
      <Filter>02_Object\Item\BulletItem</Filter>
    </ClCompile>
    <ClCompile Include="pch.cpp">
      <Filter>소스 파일</Filter>
    </ClCompile>
    <ClCompile Include="HealItem.cpp">
      <Filter>02_Object\Item\HealItem</Filter>
    </ClCompile>
    <ClCompile Include="ShootSpeedItem.cpp">
      <Filter>02_Object\Item\ShootSpeedItem</Filter>
    </ClCompile>
    <ClCompile Include="PSpeedItem.cpp">
      <Filter>02_Object\Item\PSpeedItem</Filter>
    </ClCompile>
    <ClCompile Include="BulletOne.cpp">
      <Filter>02_Object\Bullet\BulletOne</Filter>
    </ClCompile>
    <ClCompile Include="ShieldItem.cpp">
      <Filter>02_Object\Item\ShieldItem</Filter>
    </ClCompile>
    <ClCompile Include="BulletScrew.cpp">
      <Filter>02_Object\Bullet\BulletScrew</Filter>
    </ClCompile>
    <ClCompile Include="Stage1.cpp">
      <Filter>01_Scenes\2_Stage\Stage1</Filter>
    </ClCompile>
    <ClCompile Include="MonsterShoot.cpp">
      <Filter>02_Object\Monster\ShotSpawner</Filter>
    </ClCompile>
    <ClCompile Include="StageHero.cpp">
      <Filter>01_Scenes\2_Stage\StageHero</Filter>
    </ClCompile>
    <ClCompile Include="BossHero.cpp">
      <Filter>02_Object\Monster\ShotSpawner\BossHero</Filter>
    </ClCompile>
  </ItemGroup>
  <ItemGroup>
    <ResourceCompile Include="Team1.rc">
      <Filter>리소스 파일</Filter>
    </ResourceCompile>
  </ItemGroup>
  <ItemGroup>
    <Image Include="small.ico">
      <Filter>리소스 파일</Filter>
    </Image>
    <Image Include="Team1.ico">
      <Filter>리소스 파일</Filter>
    </Image>
  </ItemGroup>
</Project>