<?xml version="1.0" encoding="utf-8"?>
<Project ToolsVersion="4.0" xmlns="http://schemas.microsoft.com/developer/msbuild/2003">
  <ItemGroup>
    <ClCompile Include="MainGame.cpp">
      <Filter>00.MainGame</Filter>
    </ClCompile>
    <ClCompile Include="Obj.cpp">
      <Filter>01.Obj</Filter>
    </ClCompile>
    <ClCompile Include="Scene.cpp">
      <Filter>02.Scene</Filter>
    </ClCompile>
    <ClCompile Include="BmpMgr.cpp">
      <Filter>03.Design\BmpMgr</Filter>
    </ClCompile>
    <ClCompile Include="CollisionMgr.cpp">
      <Filter>03.Design\CollisionMgr</Filter>
    </ClCompile>
    <ClCompile Include="KeyMgr.cpp">
      <Filter>03.Design\KeyMgr</Filter>
    </ClCompile>
    <ClCompile Include="ObjMgr.cpp">
      <Filter>03.Design\ObjMgr</Filter>
    </ClCompile>
    <ClCompile Include="SceneMgr.cpp">
      <Filter>03.Design\SceneMgr</Filter>
    </ClCompile>
    <ClCompile Include="ScrollMgr.cpp">
      <Filter>03.Design\ScrollMgr</Filter>
    </ClCompile>
    <ClCompile Include="MyBmp.cpp">
      <Filter>03.Design\BmpMgr\MyBmp</Filter>
    </ClCompile>
    <ClCompile Include="pch.cpp">
      <Filter>소스 파일</Filter>
    </ClCompile>
    <ClCompile Include="RimWorld.cpp">
      <Filter>소스 파일</Filter>
    </ClCompile>
    <ClCompile Include="MyButton.cpp">
      <Filter>01.Obj\01.UI\Button\MyButton</Filter>
    </ClCompile>
    <ClCompile Include="Logo.cpp">
      <Filter>02.Scene\Logo</Filter>
    </ClCompile>
    <ClCompile Include="MyMenu.cpp">
      <Filter>02.Scene\MyMenu</Filter>
    </ClCompile>
    <ClCompile Include="Colony.cpp">
      <Filter>02.Scene\Colony</Filter>
    </ClCompile>
    <ClCompile Include="Tile.cpp">
      <Filter>01.Obj\Tile</Filter>
    </ClCompile>
    <ClCompile Include="ColonyMgr.cpp">
      <Filter>03.Design\ColonyMgr</Filter>
    </ClCompile>
    <ClCompile Include="TileMgr.cpp">
      <Filter>03.Design\TileMgr</Filter>
    </ClCompile>
    <ClCompile Include="Rim.cpp">
      <Filter>01.Obj\00.Pawn\Rim</Filter>
    </ClCompile>
    <ClCompile Include="Customize.cpp">
      <Filter>02.Scene\Customize</Filter>
    </ClCompile>
    <ClCompile Include="SteelWall.cpp">
      <Filter>01.Obj\SteelWall</Filter>
    </ClCompile>
    <ClCompile Include="PathFinder.cpp">
      <Filter>03.Design\PathFinder</Filter>
    </ClCompile>
    <ClCompile Include="Node.cpp">
      <Filter>03.Design\PathFinder\Node</Filter>
    </ClCompile>
    <ClCompile Include="Pawn.cpp">
      <Filter>01.Obj\00.Pawn</Filter>
    </ClCompile>
    <ClCompile Include="Centipede.cpp">
      <Filter>01.Obj\00.Pawn\Enemy\Centipede</Filter>
    </ClCompile>
    <ClCompile Include="HealthBar.cpp">
      <Filter>01.Obj\01.UI\HealthBar</Filter>
    </ClCompile>
    <ClCompile Include="Charge_Small.cpp">
      <Filter>01.Obj\03.Projectile\Charge_Small</Filter>
    </ClCompile>
    <ClCompile Include="ChargeBlasterLight.cpp">
      <Filter>01.Obj\02.RangedWeapon\ChargeBlasterLight</Filter>
    </ClCompile>
    <ClCompile Include="RangedWeapon.cpp">
      <Filter>01.Obj\02.RangedWeapon</Filter>
    </ClCompile>
    <ClCompile Include="Projectile.cpp">
      <Filter>01.Obj\03.Projectile</Filter>
    </ClCompile>
    <ClCompile Include="TimeMgr.cpp">
      <Filter>03.Design\TimeMgr</Filter>
    </ClCompile>
    <ClCompile Include="GameSpeedBtn.cpp">
      <Filter>01.Obj\01.UI\Button\GameSpeedBtn</Filter>
    </ClCompile>
    <ClCompile Include="BoltActionRifle.cpp">
      <Filter>01.Obj\02.RangedWeapon\BoltActionRifle</Filter>
    </ClCompile>
    <ClCompile Include="Bullet_Small.cpp">
      <Filter>01.Obj\03.Projectile\Bullet_Small</Filter>
    </ClCompile>
    <ClCompile Include="Tree.cpp">
      <Filter>01.Obj\Tree</Filter>
    </ClCompile>
    <ClCompile Include="SoundMgr.cpp">
      <Filter>03.Design\SoundMgr</Filter>
    </ClCompile>
    <ClCompile Include="Boomrat.cpp">
      <Filter>01.Obj\00.Pawn\Enemy\Boomrat</Filter>
    </ClCompile>
    <ClCompile Include="RimSlot.cpp">
      <Filter>01.Obj\01.UI\RimSlotMgr\RimSlot</Filter>
    </ClCompile>
    <ClCompile Include="RimSlotMgr.cpp">
      <Filter>01.Obj\01.UI\RimSlotMgr</Filter>
    </ClCompile>
    <ClCompile Include="DetailView.cpp">
      <Filter>01.Obj\01.UI\DetailView</Filter>
    </ClCompile>
    <ClCompile Include="EffectMgr.cpp">
      <Filter>03.Design\EffectMgr</Filter>
    </ClCompile>
    <ClCompile Include="Effect.cpp">
      <Filter>01.Obj\Effect</Filter>
    </ClCompile>
    <ClCompile Include="Item.cpp">
      <Filter>01.Obj\04.Item</Filter>
    </ClCompile>
    <ClCompile Include="Steel.cpp">
      <Filter>01.Obj\04.Item\Steel</Filter>
    </ClCompile>
    <ClCompile Include="Lancer.cpp">
      <Filter>01.Obj\00.Pawn\Enemy\Lancer</Filter>
    </ClCompile>
    <ClCompile Include="ChargeLance.cpp">
      <Filter>01.Obj\02.RangedWeapon\ChargeLance</Filter>
    </ClCompile>
    <ClCompile Include="Panel.cpp">
      <Filter>01.Obj\01.UI\Panel</Filter>
    </ClCompile>
    <ClCompile Include="Enemy.cpp">
      <Filter>01.Obj\00.Pawn\Enemy</Filter>
    </ClCompile>
    <ClCompile Include="Ship.cpp">
      <Filter>01.Obj\Ship</Filter>
    </ClCompile>
  </ItemGroup>
  <ItemGroup>
    <ClInclude Include="MainGame.h">
      <Filter>00.MainGame</Filter>
    </ClInclude>
    <ClInclude Include="Obj.h">
      <Filter>01.Obj</Filter>
    </ClInclude>
    <ClInclude Include="Scene.h">
      <Filter>02.Scene</Filter>
    </ClInclude>
    <ClInclude Include="AbstractFactory.h">
      <Filter>03.Design\AbstractFactory</Filter>
    </ClInclude>
    <ClInclude Include="BmpMgr.h">
      <Filter>03.Design\BmpMgr</Filter>
    </ClInclude>
    <ClInclude Include="CollisionMgr.h">
      <Filter>03.Design\CollisionMgr</Filter>
    </ClInclude>
    <ClInclude Include="KeyMgr.h">
      <Filter>03.Design\KeyMgr</Filter>
    </ClInclude>
    <ClInclude Include="ObjMgr.h">
      <Filter>03.Design\ObjMgr</Filter>
    </ClInclude>
    <ClInclude Include="SceneMgr.h">
      <Filter>03.Design\SceneMgr</Filter>
    </ClInclude>
    <ClInclude Include="ScrollMgr.h">
      <Filter>03.Design\ScrollMgr</Filter>
    </ClInclude>
    <ClInclude Include="MyBmp.h">
      <Filter>03.Design\BmpMgr\MyBmp</Filter>
    </ClInclude>
    <ClInclude Include="Define.h">
      <Filter>헤더 파일</Filter>
    </ClInclude>
    <ClInclude Include="framework.h">
      <Filter>헤더 파일</Filter>
    </ClInclude>
    <ClInclude Include="Resource.h">
      <Filter>헤더 파일</Filter>
    </ClInclude>
    <ClInclude Include="RimWorld.h">
      <Filter>헤더 파일</Filter>
    </ClInclude>
    <ClInclude Include="targetver.h">
      <Filter>헤더 파일</Filter>
    </ClInclude>
    <ClInclude Include="pch.h">
      <Filter>헤더 파일</Filter>
    </ClInclude>
    <ClInclude Include="MyButton.h">
      <Filter>01.Obj\01.UI\Button\MyButton</Filter>
    </ClInclude>
    <ClInclude Include="Logo.h">
      <Filter>02.Scene\Logo</Filter>
    </ClInclude>
    <ClInclude Include="MyMenu.h">
      <Filter>02.Scene\MyMenu</Filter>
    </ClInclude>
    <ClInclude Include="Colony.h">
      <Filter>02.Scene\Colony</Filter>
    </ClInclude>
    <ClInclude Include="Tile.h">
      <Filter>01.Obj\Tile</Filter>
    </ClInclude>
    <ClInclude Include="ColonyMgr.h">
      <Filter>03.Design\ColonyMgr</Filter>
    </ClInclude>
    <ClInclude Include="TileMgr.h">
      <Filter>03.Design\TileMgr</Filter>
    </ClInclude>
    <ClInclude Include="Rim.h">
      <Filter>01.Obj\00.Pawn\Rim</Filter>
    </ClInclude>
    <ClInclude Include="Customize.h">
      <Filter>02.Scene\Customize</Filter>
    </ClInclude>
    <ClInclude Include="SteelWall.h">
      <Filter>01.Obj\SteelWall</Filter>
    </ClInclude>
    <ClInclude Include="PathFinder.h">
      <Filter>03.Design\PathFinder</Filter>
    </ClInclude>
    <ClInclude Include="Node.h">
      <Filter>03.Design\PathFinder\Node</Filter>
    </ClInclude>
    <ClInclude Include="Pawn.h">
      <Filter>01.Obj\00.Pawn</Filter>
    </ClInclude>
    <ClInclude Include="Centipede.h">
      <Filter>01.Obj\00.Pawn\Enemy\Centipede</Filter>
    </ClInclude>
    <ClInclude Include="HealthBar.h">
      <Filter>01.Obj\01.UI\HealthBar</Filter>
    </ClInclude>
    <ClInclude Include="Charge_Small.h">
      <Filter>01.Obj\03.Projectile\Charge_Small</Filter>
    </ClInclude>
    <ClInclude Include="ChargeBlasterLight.h">
      <Filter>01.Obj\02.RangedWeapon\ChargeBlasterLight</Filter>
    </ClInclude>
    <ClInclude Include="RangedWeapon.h">
      <Filter>01.Obj\02.RangedWeapon</Filter>
    </ClInclude>
    <ClInclude Include="Projectile.h">
      <Filter>01.Obj\03.Projectile</Filter>
    </ClInclude>
    <ClInclude Include="TimeMgr.h">
      <Filter>03.Design\TimeMgr</Filter>
    </ClInclude>
    <ClInclude Include="GameSpeedBtn.h">
      <Filter>01.Obj\01.UI\Button\GameSpeedBtn</Filter>
    </ClInclude>
    <ClInclude Include="BoltActionRifle.h">
      <Filter>01.Obj\02.RangedWeapon\BoltActionRifle</Filter>
    </ClInclude>
    <ClInclude Include="Bullet_Small.h">
      <Filter>01.Obj\03.Projectile\Bullet_Small</Filter>
    </ClInclude>
    <ClInclude Include="Tree.h">
      <Filter>01.Obj\Tree</Filter>
    </ClInclude>
    <ClInclude Include="SoundMgr.h">
      <Filter>03.Design\SoundMgr</Filter>
    </ClInclude>
    <ClInclude Include="Boomrat.h">
      <Filter>01.Obj\00.Pawn\Enemy\Boomrat</Filter>
    </ClInclude>
    <ClInclude Include="RimSlot.h">
      <Filter>01.Obj\01.UI\RimSlotMgr\RimSlot</Filter>
    </ClInclude>
    <ClInclude Include="RimSlotMgr.h">
      <Filter>01.Obj\01.UI\RimSlotMgr</Filter>
    </ClInclude>
    <ClInclude Include="DetailView.h">
      <Filter>01.Obj\01.UI\DetailView</Filter>
    </ClInclude>
    <ClInclude Include="EffectMgr.h">
      <Filter>03.Design\EffectMgr</Filter>
    </ClInclude>
    <ClInclude Include="Effect.h">
      <Filter>01.Obj\Effect</Filter>
    </ClInclude>
    <ClInclude Include="Item.h">
      <Filter>01.Obj\04.Item</Filter>
    </ClInclude>
    <ClInclude Include="Steel.h">
      <Filter>01.Obj\04.Item\Steel</Filter>
    </ClInclude>
    <ClInclude Include="Lancer.h">
      <Filter>01.Obj\00.Pawn\Enemy\Lancer</Filter>
    </ClInclude>
    <ClInclude Include="ChargeLance.h">
      <Filter>01.Obj\02.RangedWeapon\ChargeLance</Filter>
    </ClInclude>
    <ClInclude Include="Panel.h">
      <Filter>01.Obj\01.UI\Panel</Filter>
    </ClInclude>
    <ClInclude Include="Enemy.h">
      <Filter>01.Obj\00.Pawn\Enemy</Filter>
    </ClInclude>
    <ClInclude Include="Ship.h">
      <Filter>01.Obj\Ship</Filter>
    </ClInclude>
  </ItemGroup>
  <ItemGroup>
    <Image Include="RimWorld.ico">
      <Filter>리소스 파일</Filter>
    </Image>
    <Image Include="small.ico">
      <Filter>리소스 파일</Filter>
    </Image>
  </ItemGroup>
  <ItemGroup>
    <Filter Include="03.Design">
      <UniqueIdentifier>{5113a2cd-c1eb-480b-af48-63bbabb10e30}</UniqueIdentifier>
    </Filter>
    <Filter Include="02.Scene">
      <UniqueIdentifier>{4193e65d-a67a-4154-a331-645354018548}</UniqueIdentifier>
    </Filter>
    <Filter Include="01.Obj">
      <UniqueIdentifier>{4bc20029-353c-4dd4-a4b7-74d223b3fb01}</UniqueIdentifier>
    </Filter>
    <Filter Include="00.MainGame">
      <UniqueIdentifier>{791ff3eb-d885-4d7c-9b15-c9325d841568}</UniqueIdentifier>
    </Filter>
    <Filter Include="03.Design\AbstractFactory">
      <UniqueIdentifier>{743df0b1-2f84-4fd5-8d8b-b871ce6561e7}</UniqueIdentifier>
    </Filter>
    <Filter Include="03.Design\BmpMgr">
      <UniqueIdentifier>{a415650c-919d-4d70-99bb-f9ac68e54507}</UniqueIdentifier>
    </Filter>
    <Filter Include="03.Design\CollisionMgr">
      <UniqueIdentifier>{a038c886-dcd4-4a72-8f95-3fc4b329fe55}</UniqueIdentifier>
    </Filter>
    <Filter Include="03.Design\KeyMgr">
      <UniqueIdentifier>{455c9ccd-a86d-4128-bd76-bc5c434c76a6}</UniqueIdentifier>
    </Filter>
    <Filter Include="03.Design\ObjMgr">
      <UniqueIdentifier>{efe6d496-ce5f-4a23-8e1b-65fa1228d0bd}</UniqueIdentifier>
    </Filter>
    <Filter Include="03.Design\SceneMgr">
      <UniqueIdentifier>{44ac2c7e-5c1b-4419-98e1-667f8b83fe7b}</UniqueIdentifier>
    </Filter>
    <Filter Include="03.Design\ScrollMgr">
      <UniqueIdentifier>{bddb71d4-e2f3-4d73-a2a8-f02b75cfd6f3}</UniqueIdentifier>
    </Filter>
    <Filter Include="03.Design\BmpMgr\MyBmp">
      <UniqueIdentifier>{c958230a-4c2d-4089-84a3-78bf1903ecf9}</UniqueIdentifier>
    </Filter>
    <Filter Include="소스 파일">
      <UniqueIdentifier>{94218774-aafb-40f6-a6c3-0f51f26127c4}</UniqueIdentifier>
    </Filter>
    <Filter Include="헤더 파일">
      <UniqueIdentifier>{5797c70f-abef-412b-a38d-c41e3637ddc3}</UniqueIdentifier>
    </Filter>
    <Filter Include="리소스 파일">
      <UniqueIdentifier>{5e4d4094-45b8-4ca3-936d-d3300f2799c9}</UniqueIdentifier>
    </Filter>
    <Filter Include="02.Scene\Logo">
      <UniqueIdentifier>{7341af8b-a420-4ba7-a11c-e8908cda5bf5}</UniqueIdentifier>
    </Filter>
    <Filter Include="02.Scene\MyMenu">
      <UniqueIdentifier>{ee9e4ef1-fe86-4a6e-85ad-78c166ae179c}</UniqueIdentifier>
    </Filter>
    <Filter Include="02.Scene\Colony">
      <UniqueIdentifier>{c1c15429-f3e0-49b6-8bea-d69470e02730}</UniqueIdentifier>
    </Filter>
    <Filter Include="01.Obj\Tile">
      <UniqueIdentifier>{b8f46b05-cda0-475c-b24d-e3521a80d60f}</UniqueIdentifier>
    </Filter>
    <Filter Include="03.Design\ColonyMgr">
      <UniqueIdentifier>{78414958-b0c8-4389-8970-bd0fbffa6e9b}</UniqueIdentifier>
    </Filter>
    <Filter Include="03.Design\TileMgr">
      <UniqueIdentifier>{06736d4e-7686-4144-9722-2b4bbca49a3f}</UniqueIdentifier>
    </Filter>
    <Filter Include="02.Scene\Customize">
      <UniqueIdentifier>{bd8303d1-f563-4791-8b7d-457efa3ac5b5}</UniqueIdentifier>
    </Filter>
    <Filter Include="03.Design\PathFinder">
      <UniqueIdentifier>{51a79975-0f94-45a6-b052-e9a7dc2ec024}</UniqueIdentifier>
    </Filter>
    <Filter Include="03.Design\PathFinder\Node">
      <UniqueIdentifier>{d35e6017-3088-4762-aa80-8761740ae3f6}</UniqueIdentifier>
    </Filter>
    <Filter Include="01.Obj\00.Pawn">
      <UniqueIdentifier>{4ba68a15-9b40-4e20-a4b8-453deb8da410}</UniqueIdentifier>
    </Filter>
    <Filter Include="01.Obj\00.Pawn\Rim">
      <UniqueIdentifier>{d4ea857e-f0ba-4769-b9b6-de797cf0301a}</UniqueIdentifier>
    </Filter>
    <Filter Include="01.Obj\02.RangedWeapon">
      <UniqueIdentifier>{7c954c9c-63ac-4914-a695-28e17dc6f636}</UniqueIdentifier>
    </Filter>
    <Filter Include="01.Obj\02.RangedWeapon\ChargeBlasterLight">
      <UniqueIdentifier>{fe588448-7d5d-4c14-a20c-aeb777816b4f}</UniqueIdentifier>
    </Filter>
    <Filter Include="01.Obj\03.Projectile">
      <UniqueIdentifier>{e67c73fd-ecc0-444e-a96a-51e8606a9deb}</UniqueIdentifier>
    </Filter>
    <Filter Include="01.Obj\03.Projectile\Charge_Small">
      <UniqueIdentifier>{7724b833-37dc-4175-8738-1edd6b00a529}</UniqueIdentifier>
    </Filter>
    <Filter Include="03.Design\TimeMgr">
      <UniqueIdentifier>{056b382b-24ae-44cb-a7bb-1a901a4b5c38}</UniqueIdentifier>
    </Filter>
    <Filter Include="01.Obj\02.RangedWeapon\BoltActionRifle">
      <UniqueIdentifier>{d3d3a9b3-3a07-4cde-beac-4e397b30e57e}</UniqueIdentifier>
    </Filter>
    <Filter Include="01.Obj\03.Projectile\Bullet_Small">
      <UniqueIdentifier>{513b0c16-ee17-4e87-9147-979229cbc95c}</UniqueIdentifier>
    </Filter>
    <Filter Include="01.Obj\Tree">
      <UniqueIdentifier>{ef080a2b-f9f8-4060-88ef-d978443772a8}</UniqueIdentifier>
    </Filter>
    <Filter Include="01.Obj\SteelWall">
      <UniqueIdentifier>{17823ebe-e68d-4c2d-98e3-b360f423425d}</UniqueIdentifier>
    </Filter>
    <Filter Include="03.Design\SoundMgr">
      <UniqueIdentifier>{8155e0b7-8f3f-4b09-9987-662520816d83}</UniqueIdentifier>
    </Filter>
    <Filter Include="03.Design\EffectMgr">
      <UniqueIdentifier>{577a8718-cbe2-4040-bf13-e86214138a36}</UniqueIdentifier>
    </Filter>
    <Filter Include="01.Obj\Effect">
      <UniqueIdentifier>{df21c5be-b87d-4a75-b389-50bc2600317e}</UniqueIdentifier>
    </Filter>
    <Filter Include="01.Obj\04.Item">
      <UniqueIdentifier>{c8bb93a5-4ebd-4fcb-9475-73c82492206f}</UniqueIdentifier>
    </Filter>
    <Filter Include="01.Obj\04.Item\Steel">
      <UniqueIdentifier>{639bd12b-3424-4a6e-80c2-dccd0172ea99}</UniqueIdentifier>
    </Filter>
    <Filter Include="01.Obj\02.RangedWeapon\ChargeLance">
      <UniqueIdentifier>{33a79f87-260e-42e8-9261-77b0afb198e6}</UniqueIdentifier>
    </Filter>
    <Filter Include="01.Obj\00.Pawn\Enemy">
      <UniqueIdentifier>{b34123c4-a4c5-4ee0-8b55-43e5f66fec4d}</UniqueIdentifier>
    </Filter>
    <Filter Include="01.Obj\00.Pawn\Enemy\Lancer">
      <UniqueIdentifier>{9ad73410-2d1c-463e-a148-1668b9e47214}</UniqueIdentifier>
    </Filter>
    <Filter Include="01.Obj\00.Pawn\Enemy\Centipede">
      <UniqueIdentifier>{27c56788-e35a-4a59-894d-f4ae0642d58c}</UniqueIdentifier>
    </Filter>
    <Filter Include="01.Obj\00.Pawn\Enemy\Boomrat">
      <UniqueIdentifier>{e67c7cbf-ec5f-4f4d-8ea9-61f54cc47e65}</UniqueIdentifier>
    </Filter>
    <Filter Include="01.Obj\Ship">
      <UniqueIdentifier>{27fbb584-7afb-4b2b-a7ee-de463d9d9f6e}</UniqueIdentifier>
    </Filter>
    <Filter Include="01.Obj\01.UI">
      <UniqueIdentifier>{8d93dc45-cbf6-4d02-9cc8-a59bf388d4ae}</UniqueIdentifier>
    </Filter>
    <Filter Include="01.Obj\01.UI\Button">
      <UniqueIdentifier>{6d34e72b-89e9-4b5d-a206-6311ca8c64ad}</UniqueIdentifier>
    </Filter>
    <Filter Include="01.Obj\01.UI\Button\MyButton">
      <UniqueIdentifier>{5f5f431e-b1c7-463b-833a-da53083134ea}</UniqueIdentifier>
    </Filter>
    <Filter Include="01.Obj\01.UI\Button\GameSpeedBtn">
      <UniqueIdentifier>{ac137ece-4ae6-4dcb-8c14-c3fe46ca1772}</UniqueIdentifier>
    </Filter>
    <Filter Include="01.Obj\01.UI\HealthBar">
      <UniqueIdentifier>{ac112617-bf4e-4c4c-84ce-c59f924f80c4}</UniqueIdentifier>
    </Filter>
    <Filter Include="01.Obj\01.UI\RimSlotMgr">
      <UniqueIdentifier>{36b45403-a63e-4ff5-96e6-e2e74995e46b}</UniqueIdentifier>
    </Filter>
    <Filter Include="01.Obj\01.UI\RimSlotMgr\RimSlot">
      <UniqueIdentifier>{42ef5a0a-ae40-49c0-8ab5-b17331e97743}</UniqueIdentifier>
    </Filter>
    <Filter Include="01.Obj\01.UI\DetailView">
      <UniqueIdentifier>{5aa26076-ce30-4876-bb91-bb561e11b115}</UniqueIdentifier>
    </Filter>
    <Filter Include="01.Obj\01.UI\Panel">
      <UniqueIdentifier>{b9ead3b4-f610-4b86-bf45-9cfe8e7a8c76}</UniqueIdentifier>
    </Filter>
  </ItemGroup>
  <ItemGroup>
    <ResourceCompile Include="RimWorld.rc">
      <Filter>리소스 파일</Filter>
    </ResourceCompile>
  </ItemGroup>
</Project>