<?xml version="1.0" encoding="utf-8"?>
<Project ToolsVersion="4.0" xmlns="http://schemas.microsoft.com/developer/msbuild/2003">
  <ItemGroup>
    <Filter Include="소스 파일">
      <UniqueIdentifier>{4FC737F1-C7A5-4376-A066-2A32D752A2FF}</UniqueIdentifier>
      <Extensions>cpp;c;cc;cxx;c++;cppm;ixx;def;odl;idl;hpj;bat;asm;asmx</Extensions>
    </Filter>
    <Filter Include="헤더 파일">
      <UniqueIdentifier>{93995380-89BD-4b04-88EB-625FBE52EBFB}</UniqueIdentifier>
      <Extensions>h;hh;hpp;hxx;h++;hm;inl;inc;ipp;xsd</Extensions>
    </Filter>
    <Filter Include="리소스 파일">
      <UniqueIdentifier>{67DA6AB6-F800-4c08-8B7A-83BB121AAD01}</UniqueIdentifier>
      <Extensions>rc;ico;cur;bmp;dlg;rc2;rct;bin;rgs;gif;jpg;jpeg;jpe;resx;tiff;tif;png;wav;mfcribbon-ms</Extensions>
    </Filter>
    <Filter Include="00. MainGame">
      <UniqueIdentifier>{13828fb6-a723-4d86-ab6f-9809b1211c82}</UniqueIdentifier>
    </Filter>
    <Filter Include="01. Obj">
      <UniqueIdentifier>{e2af40d7-7336-426a-b430-c284427d1e40}</UniqueIdentifier>
    </Filter>
    <Filter Include="01. Obj\00. Player">
      <UniqueIdentifier>{0d160408-139b-4b41-a75d-ed72a58c3568}</UniqueIdentifier>
    </Filter>
    <Filter Include="01. Obj\01. Bullet">
      <UniqueIdentifier>{e788f02c-0521-4a42-9119-079a06b76f75}</UniqueIdentifier>
    </Filter>
    <Filter Include="01. Obj\02. Monster">
      <UniqueIdentifier>{28dd5fd8-800c-41f8-8d4f-b441f0804b18}</UniqueIdentifier>
    </Filter>
    <Filter Include="01. Obj\03. Mouse">
      <UniqueIdentifier>{d6dccbdc-b8ff-4078-9255-600f278d61ba}</UniqueIdentifier>
    </Filter>
    <Filter Include="01. Obj\04. Shield">
      <UniqueIdentifier>{5b2963b1-e43d-46e2-b309-87a87b104392}</UniqueIdentifier>
    </Filter>
    <Filter Include="01. Obj\01. Bullet\ScrewBullet">
      <UniqueIdentifier>{e96831a9-1ff2-488f-b9f8-0f45774d7173}</UniqueIdentifier>
    </Filter>
    <Filter Include="01. Obj\01. Bullet\GuideBullet">
      <UniqueIdentifier>{d0bc3b22-3ccb-4481-a360-7cd2d912e8b6}</UniqueIdentifier>
    </Filter>
    <Filter Include="03. Design">
      <UniqueIdentifier>{fc3aca44-edbd-446a-8d69-20db269dcfd8}</UniqueIdentifier>
    </Filter>
    <Filter Include="03. Design\AbstractFactory">
      <UniqueIdentifier>{0277a2de-5106-4547-8fa3-84fa68f69371}</UniqueIdentifier>
    </Filter>
    <Filter Include="03. Design\CollisionMgr">
      <UniqueIdentifier>{f433f92d-d342-4dea-b2ac-76108aae2cba}</UniqueIdentifier>
    </Filter>
    <Filter Include="03. Design\ObjMgr">
      <UniqueIdentifier>{f3eeee71-f450-4ceb-ad88-f37da494e3af}</UniqueIdentifier>
    </Filter>
    <Filter Include="03. Design\LineMgr">
      <UniqueIdentifier>{3f637332-18dd-4a28-ad78-9e2077461dc9}</UniqueIdentifier>
    </Filter>
    <Filter Include="03. Design\LineMgr\Line">
      <UniqueIdentifier>{328d590e-a613-4617-8155-0ed506d73f79}</UniqueIdentifier>
    </Filter>
    <Filter Include="03. Design\KeyMgr">
      <UniqueIdentifier>{35d39457-7602-4ce2-86e7-f6c882bdb56b}</UniqueIdentifier>
    </Filter>
    <Filter Include="03. Design\ScrollMgr">
      <UniqueIdentifier>{f51fd9c2-99b7-40b4-b3b8-741b940b5b00}</UniqueIdentifier>
    </Filter>
    <Filter Include="03. Design\BmpMgr">
      <UniqueIdentifier>{8978f2fd-c210-4dbd-879c-13bcd769cafc}</UniqueIdentifier>
    </Filter>
    <Filter Include="03. Design\BmpMgr\MyBmp">
      <UniqueIdentifier>{2031c7f6-94e3-444f-947c-b3f6b3983629}</UniqueIdentifier>
    </Filter>
    <Filter Include="02. Scene">
      <UniqueIdentifier>{6bd68f9a-ebc3-4395-b472-a434770c2c72}</UniqueIdentifier>
    </Filter>
    <Filter Include="03. Design\SceneMgr">
      <UniqueIdentifier>{15b7300c-97b7-4374-a7af-39d2aa2151dc}</UniqueIdentifier>
    </Filter>
    <Filter Include="02. Scene\00. Logo">
      <UniqueIdentifier>{471aeb6c-af04-47cb-b654-bd65a6062e64}</UniqueIdentifier>
    </Filter>
    <Filter Include="02. Scene\01. Menu">
      <UniqueIdentifier>{7b770a09-816f-47e7-a82a-70021b7cf48d}</UniqueIdentifier>
    </Filter>
    <Filter Include="02. Scene\02. Edit">
      <UniqueIdentifier>{0b1c7369-2072-4f3c-a28a-65ebe65012a1}</UniqueIdentifier>
    </Filter>
    <Filter Include="02. Scene\03. Stage">
      <UniqueIdentifier>{4fc6b5da-8ebb-4f01-abb9-a1d8a2f9348c}</UniqueIdentifier>
    </Filter>
    <Filter Include="01. Obj\05. Button">
      <UniqueIdentifier>{b8f9215b-fd37-4dd4-b322-a07d7ccf0bd1}</UniqueIdentifier>
    </Filter>
    <Filter Include="03. Design\TileMgr">
      <UniqueIdentifier>{e0562699-c98e-43bc-b5d6-81802d081253}</UniqueIdentifier>
    </Filter>
    <Filter Include="03. Design\TileMgr\Tile">
      <UniqueIdentifier>{b2c00f52-fc2f-4967-937f-14aa3b936e02}</UniqueIdentifier>
    </Filter>
    <Filter Include="03. Design\SoundMgr">
      <UniqueIdentifier>{917f04da-e1bf-4826-9c27-fe4bb86d5e6c}</UniqueIdentifier>
    </Filter>
    <Filter Include="04. Network">
      <UniqueIdentifier>{812de89e-3d7a-4739-b852-98c595ce4a64}</UniqueIdentifier>
    </Filter>
  </ItemGroup>
  <ItemGroup>
    <ClInclude Include="framework.h">
      <Filter>헤더 파일</Filter>
    </ClInclude>
    <ClInclude Include="targetver.h">
      <Filter>헤더 파일</Filter>
    </ClInclude>
    <ClInclude Include="Resource.h">
      <Filter>헤더 파일</Filter>
    </ClInclude>
    <ClInclude Include="DefaultWindow.h">
      <Filter>헤더 파일</Filter>
    </ClInclude>
    <ClInclude Include="pch.h">
      <Filter>헤더 파일</Filter>
    </ClInclude>
    <ClInclude Include="CMainGame.h">
      <Filter>00. MainGame</Filter>
    </ClInclude>
    <ClInclude Include="Define.h">
      <Filter>헤더 파일</Filter>
    </ClInclude>
    <ClInclude Include="CObj.h">
      <Filter>01. Obj</Filter>
    </ClInclude>
    <ClInclude Include="CPlayer.h">
      <Filter>01. Obj\00. Player</Filter>
    </ClInclude>
    <ClInclude Include="CBullet.h">
      <Filter>01. Obj\01. Bullet</Filter>
    </ClInclude>
    <ClInclude Include="CMonster.h">
      <Filter>01. Obj\02. Monster</Filter>
    </ClInclude>
    <ClInclude Include="CAbstractFactory.h">
      <Filter>03. Design\AbstractFactory</Filter>
    </ClInclude>
    <ClInclude Include="CCollisionMgr.h">
      <Filter>03. Design\CollisionMgr</Filter>
    </ClInclude>
    <ClInclude Include="CMouse.h">
      <Filter>01. Obj\03. Mouse</Filter>
    </ClInclude>
    <ClInclude Include="CShield.h">
      <Filter>01. Obj\04. Shield</Filter>
    </ClInclude>
    <ClInclude Include="CScrewBullet.h">
      <Filter>01. Obj\01. Bullet\ScrewBullet</Filter>
    </ClInclude>
    <ClInclude Include="CObjMgr.h">
      <Filter>03. Design\ObjMgr</Filter>
    </ClInclude>
    <ClInclude Include="CGuideBullet.h">
      <Filter>01. Obj\01. Bullet\GuideBullet</Filter>
    </ClInclude>
    <ClInclude Include="CLine.h">
      <Filter>03. Design\LineMgr\Line</Filter>
    </ClInclude>
    <ClInclude Include="CLineMgr.h">
      <Filter>03. Design\LineMgr</Filter>
    </ClInclude>
    <ClInclude Include="CKeyMgr.h">
      <Filter>03. Design\KeyMgr</Filter>
    </ClInclude>
    <ClInclude Include="CScrollMgr.h">
      <Filter>03. Design\ScrollMgr</Filter>
    </ClInclude>
    <ClInclude Include="CMyBmp.h">
      <Filter>03. Design\BmpMgr\MyBmp</Filter>
    </ClInclude>
    <ClInclude Include="CBmpMgr.h">
      <Filter>03. Design\BmpMgr</Filter>
    </ClInclude>
    <ClInclude Include="CScene.h">
      <Filter>02. Scene</Filter>
    </ClInclude>
    <ClInclude Include="CSceneMgr.h">
      <Filter>03. Design\SceneMgr</Filter>
    </ClInclude>
    <ClInclude Include="CLogo.h">
      <Filter>02. Scene\00. Logo</Filter>
    </ClInclude>
    <ClInclude Include="CMyMenu.h">
      <Filter>02. Scene\01. Menu</Filter>
    </ClInclude>
    <ClInclude Include="CMyButton.h">
      <Filter>01. Obj\05. Button</Filter>
    </ClInclude>
    <ClInclude Include="CStage.h">
      <Filter>02. Scene\03. Stage</Filter>
    </ClInclude>
    <ClInclude Include="CMyEdit.h">
      <Filter>02. Scene\02. Edit</Filter>
    </ClInclude>
    <ClInclude Include="CTile.h">
      <Filter>03. Design\TileMgr\Tile</Filter>
    </ClInclude>
    <ClInclude Include="CTileMgr.h">
      <Filter>03. Design\TileMgr</Filter>
    </ClInclude>
    <ClInclude Include="CSoundMgr.h">
      <Filter>03. Design\SoundMgr</Filter>
    </ClInclude>
    <ClInclude Include="CNetwork.h">
      <Filter>04. Network</Filter>
    </ClInclude>
  </ItemGroup>
  <ItemGroup>
    <ClCompile Include="DefaultWindow.cpp">
      <Filter>소스 파일</Filter>
    </ClCompile>
    <ClCompile Include="pch.cpp">
      <Filter>소스 파일</Filter>
    </ClCompile>
    <ClCompile Include="CMainGame.cpp">
      <Filter>00. MainGame</Filter>
    </ClCompile>
    <ClCompile Include="CObj.cpp">
      <Filter>01. Obj</Filter>
    </ClCompile>
    <ClCompile Include="CPlayer.cpp">
      <Filter>01. Obj\00. Player</Filter>
    </ClCompile>
    <ClCompile Include="CBullet.cpp">
      <Filter>01. Obj\01. Bullet</Filter>
    </ClCompile>
    <ClCompile Include="CMonster.cpp">
      <Filter>01. Obj\02. Monster</Filter>
    </ClCompile>
    <ClCompile Include="CCollisionMgr.cpp">
      <Filter>03. Design\CollisionMgr</Filter>
    </ClCompile>
    <ClCompile Include="CMouse.cpp">
      <Filter>01. Obj\03. Mouse</Filter>
    </ClCompile>
    <ClCompile Include="CShield.cpp">
      <Filter>01. Obj\04. Shield</Filter>
    </ClCompile>
    <ClCompile Include="CScrewBullet.cpp">
      <Filter>01. Obj\01. Bullet\ScrewBullet</Filter>
    </ClCompile>
    <ClCompile Include="CObjMgr.cpp">
      <Filter>03. Design\ObjMgr</Filter>
    </ClCompile>
    <ClCompile Include="CGuideBullet.cpp">
      <Filter>01. Obj\01. Bullet\GuideBullet</Filter>
    </ClCompile>
    <ClCompile Include="CLine.cpp">
      <Filter>03. Design\LineMgr\Line</Filter>
    </ClCompile>
    <ClCompile Include="CLineMgr.cpp">
      <Filter>03. Design\LineMgr</Filter>
    </ClCompile>
    <ClCompile Include="CKeyMgr.cpp">
      <Filter>03. Design\KeyMgr</Filter>
    </ClCompile>
    <ClCompile Include="CScrollMgr.cpp">
      <Filter>03. Design\ScrollMgr</Filter>
    </ClCompile>
    <ClCompile Include="CMyBmp.cpp">
      <Filter>03. Design\BmpMgr\MyBmp</Filter>
    </ClCompile>
    <ClCompile Include="CBmpMgr.cpp">
      <Filter>03. Design\BmpMgr</Filter>
    </ClCompile>
    <ClCompile Include="CScene.cpp">
      <Filter>02. Scene</Filter>
    </ClCompile>
    <ClCompile Include="CSceneMgr.cpp">
      <Filter>03. Design\SceneMgr</Filter>
    </ClCompile>
    <ClCompile Include="CLogo.cpp">
      <Filter>02. Scene\00. Logo</Filter>
    </ClCompile>
    <ClCompile Include="CMyMenu.cpp">
      <Filter>02. Scene\01. Menu</Filter>
    </ClCompile>
    <ClCompile Include="CMyButton.cpp">
      <Filter>01. Obj\05. Button</Filter>
    </ClCompile>
    <ClCompile Include="CStage.cpp">
      <Filter>02. Scene\03. Stage</Filter>
    </ClCompile>
    <ClCompile Include="CMyEdit.cpp">
      <Filter>02. Scene\02. Edit</Filter>
    </ClCompile>
    <ClCompile Include="CTile.cpp">
      <Filter>03. Design\TileMgr\Tile</Filter>
    </ClCompile>
    <ClCompile Include="CTileMgr.cpp">
      <Filter>03. Design\TileMgr</Filter>
    </ClCompile>
    <ClCompile Include="CSoundMgr.cpp">
      <Filter>03. Design\SoundMgr</Filter>
    </ClCompile>
    <ClCompile Include="CNetwork.cpp">
      <Filter>소스 파일</Filter>
    </ClCompile>
  </ItemGroup>
  <ItemGroup>
    <ResourceCompile Include="DefaultWindow.rc">
      <Filter>리소스 파일</Filter>
    </ResourceCompile>
  </ItemGroup>
  <ItemGroup>
    <Image Include="small.ico">
      <Filter>리소스 파일</Filter>
    </Image>
    <Image Include="DefaultWindow.ico">
      <Filter>리소스 파일</Filter>
    </Image>
  </ItemGroup>
</Project>