<?xml version="1.0" encoding="utf-8"?>
<Project ToolsVersion="4.0" xmlns="http://schemas.microsoft.com/developer/msbuild/2003">
  <ItemGroup>
    <Filter Include="소스 파일">
      <UniqueIdentifier>{4FC737F1-C7A5-4376-A066-2A32D752A2FF}</UniqueIdentifier>
      <Extensions>cpp;c;cc;cxx;c++;cppm;ixx;def;odl;idl;hpj;bat;asm;asmx</Extensions>
    </Filter>
    <Filter Include="00. Server">
      <UniqueIdentifier>{71dbeec5-ae3a-44a2-9765-5ece69db1e29}</UniqueIdentifier>
    </Filter>
    <Filter Include="01. Session">
      <UniqueIdentifier>{26fc421e-662c-4dc9-8d3f-c04d4b06186c}</UniqueIdentifier>
    </Filter>
    <Filter Include="02. SessionInfo">
      <UniqueIdentifier>{8f66b5ec-d214-4bd6-8af2-c5b4ba5627fb}</UniqueIdentifier>
    </Filter>
    <Filter Include="99. Define">
      <UniqueIdentifier>{25725f1c-e8fe-428a-aa1a-53b24015231c}</UniqueIdentifier>
    </Filter>
  </ItemGroup>
  <ItemGroup>
    <ClCompile Include="main.cpp">
      <Filter>소스 파일</Filter>
    </ClCompile>
    <ClCompile Include="CServer.cpp">
      <Filter>00. Server</Filter>
    </ClCompile>
    <ClCompile Include="Session.cpp">
      <Filter>01. Session</Filter>
    </ClCompile>
  </ItemGroup>
  <ItemGroup>
    <ClInclude Include="CServer.h">
      <Filter>00. Server</Filter>
    </ClInclude>
    <ClInclude Include="Session.h">
      <Filter>01. Session</Filter>
    </ClInclude>
    <ClInclude Include="SessionInfo.h">
      <Filter>02. SessionInfo</Filter>
    </ClInclude>
    <ClInclude Include="Define.h">
      <Filter>99. Define</Filter>
    </ClInclude>
  </ItemGroup>
</Project>