
Microsoft Visual Studio Solution File, Format Version 12.00
# Visual Studio 15
VisualStudioVersion = 15.0.28307.1267
MinimumVisualStudioVersion = 10.0.40219.1
Project("{8BC9CEB8-8B4A-11D0-8D11-00A0C91BC942}") = "D3D9_Init_Project", "D3D9_Init_Project\D3D9_Init_Project.vcxproj", "{5AB388FA-0E70-47A9-BD75-13FDC8718FBE}"
EndProject
Global
	GlobalSection(SolutionConfigurationPlatforms) = preSolution
		Debug|x64 = Debug|x64
		Debug|x86 = Debug|x86
		Release|x64 = Release|x64
		Release|x86 = Release|x86
	EndGlobalSection
	GlobalSection(ProjectConfigurationPlatforms) = postSolution
		{5AB388FA-0E70-47A9-BD75-13FDC8718FBE}.Debug|x64.ActiveCfg = Debug|x64
		{5AB388FA-0E70-47A9-BD75-13FDC8718FBE}.Debug|x64.Build.0 = Debug|x64
		{5AB388FA-0E70-47A9-BD75-13FDC8718FBE}.Debug|x86.ActiveCfg = Debug|Win32
		{5AB388FA-0E70-47A9-BD75-13FDC8718FBE}.Debug|x86.Build.0 = Debug|Win32
		{5AB388FA-0E70-47A9-BD75-13FDC8718FBE}.Release|x64.ActiveCfg = Release|x64
		{5AB388FA-0E70-47A9-BD75-13FDC8718FBE}.Release|x64.Build.0 = Release|x64
		{5AB388FA-0E70-47A9-BD75-13FDC8718FBE}.Release|x86.ActiveCfg = Release|Win32
		{5AB388FA-0E70-47A9-BD75-13FDC8718FBE}.Release|x86.Build.0 = Release|Win32
	EndGlobalSection
	GlobalSection(SolutionProperties) = preSolution
		HideSolutionNode = FALSE
	EndGlobalSection
	GlobalSection(ExtensibilityGlobals) = postSolution
		SolutionGuid = {2E690349-504D-47F7-A57B-A624B37BB90B}
	EndGlobalSection
EndGlobal
