<?xml version="1.0" encoding="utf-8"?>
<Project ToolsVersion="4.0" xmlns="http://schemas.microsoft.com/developer/msbuild/2003">
  <ItemGroup>
    <Filter Include="소스 파일">
      <UniqueIdentifier>{4FC737F1-C7A5-4376-A066-2A32D752A2FF}</UniqueIdentifier>
      <Extensions>cpp;c;cc;cxx;c++;cppm;ixx;def;odl;idl;hpj;bat;asm;asmx</Extensions>
    </Filter>
    <Filter Include="헤더 파일">
      <UniqueIdentifier>{93995380-89BD-4b04-88EB-625FBE52EBFB}</UniqueIdentifier>
      <Extensions>h;hh;hpp;hxx;h++;hm;inl;inc;ipp;xsd</Extensions>
    </Filter>
    <Filter Include="리소스 파일">
      <UniqueIdentifier>{67DA6AB6-F800-4c08-8B7A-83BB121AAD01}</UniqueIdentifier>
      <Extensions>rc;ico;cur;bmp;dlg;rc2;rct;bin;rgs;gif;jpg;jpeg;jpe;resx;tiff;tif;png;wav;mfcribbon-ms</Extensions>
    </Filter>
    <Filter Include="KeyMgr">
      <UniqueIdentifier>{b68cbb58-7ed4-4e67-95a4-3bb6f2d3a998}</UniqueIdentifier>
    </Filter>
    <Filter Include="Line">
      <UniqueIdentifier>{397bc4a5-2da0-4bdb-bf50-7327d514a9f0}</UniqueIdentifier>
    </Filter>
    <Filter Include="LineMgr">
      <UniqueIdentifier>{3417e789-bf38-404e-87a3-46d8ba79495c}</UniqueIdentifier>
    </Filter>
    <Filter Include="MainGame">
      <UniqueIdentifier>{8c0a0126-3463-4749-8153-6eb95bbab821}</UniqueIdentifier>
    </Filter>
    <Filter Include="ScrollMgr">
      <UniqueIdentifier>{e3a9640c-fb93-4458-a85a-20211efec87e}</UniqueIdentifier>
    </Filter>
  </ItemGroup>
  <ItemGroup>
    <ClInclude Include="framework.h">
      <Filter>헤더 파일</Filter>
    </ClInclude>
    <ClInclude Include="targetver.h">
      <Filter>헤더 파일</Filter>
    </ClInclude>
    <ClInclude Include="Resource.h">
      <Filter>헤더 파일</Filter>
    </ClInclude>
    <ClInclude Include="LineEditor.h">
      <Filter>헤더 파일</Filter>
    </ClInclude>
    <ClInclude Include="pch.h">
      <Filter>헤더 파일</Filter>
    </ClInclude>
    <ClInclude Include="Define.h">
      <Filter>헤더 파일</Filter>
    </ClInclude>
    <ClInclude Include="CKeyMgr.h">
      <Filter>KeyMgr</Filter>
    </ClInclude>
    <ClInclude Include="CLine.h">
      <Filter>Line</Filter>
    </ClInclude>
    <ClInclude Include="CLineMgr.h">
      <Filter>LineMgr</Filter>
    </ClInclude>
    <ClInclude Include="CMainGame.h">
      <Filter>MainGame</Filter>
    </ClInclude>
    <ClInclude Include="CScrollMgr.h">
      <Filter>ScrollMgr</Filter>
    </ClInclude>
  </ItemGroup>
  <ItemGroup>
    <ClCompile Include="LineEditor.cpp">
      <Filter>소스 파일</Filter>
    </ClCompile>
    <ClCompile Include="pch.cpp">
      <Filter>소스 파일</Filter>
    </ClCompile>
    <ClCompile Include="CKeyMgr.cpp">
      <Filter>KeyMgr</Filter>
    </ClCompile>
    <ClCompile Include="CLine.cpp">
      <Filter>Line</Filter>
    </ClCompile>
    <ClCompile Include="CLineMgr.cpp">
      <Filter>LineMgr</Filter>
    </ClCompile>
    <ClCompile Include="CMainGame.cpp">
      <Filter>MainGame</Filter>
    </ClCompile>
    <ClCompile Include="CScrollMgr.cpp">
      <Filter>ScrollMgr</Filter>
    </ClCompile>
  </ItemGroup>
  <ItemGroup>
    <ResourceCompile Include="LineEditor.rc">
      <Filter>리소스 파일</Filter>
    </ResourceCompile>
  </ItemGroup>
  <ItemGroup>
    <Image Include="small.ico">
      <Filter>리소스 파일</Filter>
    </Image>
    <Image Include="LineEditor.ico">
      <Filter>리소스 파일</Filter>
    </Image>
  </ItemGroup>
</Project>