
Microsoft Visual Studio Solution File, Format Version 12.00
# Visual Studio Version 17
VisualStudioVersion = 17.12.35707.178 d17.12
MinimumVisualStudioVersion = 10.0.40219.1
Project("{8BC9CEB8-8B4A-11D0-8D11-00A0C91BC942}") = "Client", "Client\default\Client.vcxproj", "{1A61FFAE-5693-4646-86A6-5CB4AAA1CDA3}"
EndProject
Project("{8BC9CEB8-8B4A-11D0-8D11-00A0C91BC942}") = "LIB", "LIB\default\LIB.vcxproj", "{182263E0-0616-40F1-87A0-9F498B6F0016}"
EndProject
Project("{8BC9CEB8-8B4A-11D0-8D11-00A0C91BC942}") = "DLL", "DLL\default\DLL.vcxproj", "{F55364C6-1073-4009-8444-B9CC59FF8D37}"
EndProject
Global
	GlobalSection(SolutionConfigurationPlatforms) = preSolution
		Debug|x64 = Debug|x64
		Debug|x86 = Debug|x86
		Release|x64 = Release|x64
		Release|x86 = Release|x86
	EndGlobalSection
	GlobalSection(ProjectConfigurationPlatforms) = postSolution
		{1A61FFAE-5693-4646-86A6-5CB4AAA1CDA3}.Debug|x64.ActiveCfg = Debug|x64
		{1A61FFAE-5693-4646-86A6-5CB4AAA1CDA3}.Debug|x64.Build.0 = Debug|x64
		{1A61FFAE-5693-4646-86A6-5CB4AAA1CDA3}.Debug|x86.ActiveCfg = Debug|Win32
		{1A61FFAE-5693-4646-86A6-5CB4AAA1CDA3}.Debug|x86.Build.0 = Debug|Win32
		{1A61FFAE-5693-4646-86A6-5CB4AAA1CDA3}.Release|x64.ActiveCfg = Release|x64
		{1A61FFAE-5693-4646-86A6-5CB4AAA1CDA3}.Release|x64.Build.0 = Release|x64
		{1A61FFAE-5693-4646-86A6-5CB4AAA1CDA3}.Release|x86.ActiveCfg = Release|Win32
		{1A61FFAE-5693-4646-86A6-5CB4AAA1CDA3}.Release|x86.Build.0 = Release|Win32
		{182263E0-0616-40F1-87A0-9F498B6F0016}.Debug|x64.ActiveCfg = Debug|x64
		{182263E0-0616-40F1-87A0-9F498B6F0016}.Debug|x64.Build.0 = Debug|x64
		{182263E0-0616-40F1-87A0-9F498B6F0016}.Debug|x86.ActiveCfg = Debug|Win32
		{182263E0-0616-40F1-87A0-9F498B6F0016}.Debug|x86.Build.0 = Debug|Win32
		{182263E0-0616-40F1-87A0-9F498B6F0016}.Release|x64.ActiveCfg = Release|x64
		{182263E0-0616-40F1-87A0-9F498B6F0016}.Release|x64.Build.0 = Release|x64
		{182263E0-0616-40F1-87A0-9F498B6F0016}.Release|x86.ActiveCfg = Release|Win32
		{182263E0-0616-40F1-87A0-9F498B6F0016}.Release|x86.Build.0 = Release|Win32
		{F55364C6-1073-4009-8444-B9CC59FF8D37}.Debug|x64.ActiveCfg = Debug|x64
		{F55364C6-1073-4009-8444-B9CC59FF8D37}.Debug|x64.Build.0 = Debug|x64
		{F55364C6-1073-4009-8444-B9CC59FF8D37}.Debug|x86.ActiveCfg = Debug|Win32
		{F55364C6-1073-4009-8444-B9CC59FF8D37}.Debug|x86.Build.0 = Debug|Win32
		{F55364C6-1073-4009-8444-B9CC59FF8D37}.Release|x64.ActiveCfg = Release|x64
		{F55364C6-1073-4009-8444-B9CC59FF8D37}.Release|x64.Build.0 = Release|x64
		{F55364C6-1073-4009-8444-B9CC59FF8D37}.Release|x86.ActiveCfg = Release|Win32
		{F55364C6-1073-4009-8444-B9CC59FF8D37}.Release|x86.Build.0 = Release|Win32
	EndGlobalSection
	GlobalSection(SolutionProperties) = preSolution
		HideSolutionNode = FALSE
	EndGlobalSection
EndGlobal
