<?xml version="1.0" encoding="utf-8"?>
<Project ToolsVersion="4.0" xmlns="http://schemas.microsoft.com/developer/msbuild/2003">
  <ItemGroup>
    <Filter Include="98.Default">
      <UniqueIdentifier>{e4b14c11-52df-475b-b837-3a232685c010}</UniqueIdentifier>
    </Filter>
    <Filter Include="99.Defines">
      <UniqueIdentifier>{72444e1a-0502-4c74-8392-c8e6a1e89ed0}</UniqueIdentifier>
    </Filter>
    <Filter Include="00.MainApp">
      <UniqueIdentifier>{ffac1f7d-cb22-4ce8-a7fd-43cfb62fb4db}</UniqueIdentifier>
    </Filter>
    <Filter Include="97.ShaderFiles">
      <UniqueIdentifier>{d3e6ac29-52aa-40a2-9d7d-35700ad7da3f}</UniqueIdentifier>
    </Filter>
    <Filter Include="01.Levels">
      <UniqueIdentifier>{3b3aeff7-5170-4d23-a6bc-ca661d804d84}</UniqueIdentifier>
    </Filter>
    <Filter Include="02.GameObjects">
      <UniqueIdentifier>{db82fc83-d01c-41cf-8115-cfc65328ad5c}</UniqueIdentifier>
    </Filter>
    <Filter Include="01.Levels\00.Loading">
      <UniqueIdentifier>{d77e9a5c-f9dd-469f-9e4a-e102f2dc83a4}</UniqueIdentifier>
    </Filter>
    <Filter Include="01.Levels\00.Loading\Loader">
      <UniqueIdentifier>{09b33f93-851a-4e38-8e8a-83626e4878cb}</UniqueIdentifier>
    </Filter>
    <Filter Include="01.Levels\01.Logo">
      <UniqueIdentifier>{fc8ef11a-d4da-4fb2-acd6-da87cf54da78}</UniqueIdentifier>
    </Filter>
    <Filter Include="01.Levels\03.GamePlay">
      <UniqueIdentifier>{a3f64273-696d-4106-b58f-efef5e5d53fe}</UniqueIdentifier>
    </Filter>
    <Filter Include="01.Levels\02.Hanger">
      <UniqueIdentifier>{1c864d49-67df-4e12-885b-1ae6883a1fb1}</UniqueIdentifier>
    </Filter>
    <Filter Include="01.Levels\04.Practice">
      <UniqueIdentifier>{d78da1d3-316b-49ba-b39e-3209c09e2e12}</UniqueIdentifier>
    </Filter>
    <Filter Include="01.Levels\05.MapTool">
      <UniqueIdentifier>{d5a017b1-6a30-47bf-b472-0960143692dd}</UniqueIdentifier>
    </Filter>
    <Filter Include="96.ThirdParty">
      <UniqueIdentifier>{5edbfdaa-3221-4128-887f-da7a8dff63e1}</UniqueIdentifier>
    </Filter>
    <Filter Include="96.ThirdParty\imgui">
      <UniqueIdentifier>{07126027-1fb0-445d-b780-de97dfb44382}</UniqueIdentifier>
    </Filter>
    <Filter Include="96.ThirdParty\imgui\backends">
      <UniqueIdentifier>{6b38f90a-891d-44d4-aaa2-b1439ed95ec2}</UniqueIdentifier>
    </Filter>
    <Filter Include="96.ThirdParty\imGuizmo">
      <UniqueIdentifier>{ea0687af-f771-48b2-91e0-755c1d518b3e}</UniqueIdentifier>
    </Filter>
    <Filter Include="02.GameObjects\00.GameManager">
      <UniqueIdentifier>{d14d0158-33b2-4b8a-9fd7-0a41b253eafc}</UniqueIdentifier>
    </Filter>
    <Filter Include="02.GameObjects\Terrain">
      <UniqueIdentifier>{768645b9-a508-418d-8d7d-9431033e5719}</UniqueIdentifier>
    </Filter>
    <Filter Include="02.GameObjects\Camera">
      <UniqueIdentifier>{f760765c-2eba-4f64-87c5-558223af53d2}</UniqueIdentifier>
    </Filter>
    <Filter Include="02.GameObjects\Camera\Camera_Free">
      <UniqueIdentifier>{e6ab15b5-ff75-4a49-b7e4-983a60d972cf}</UniqueIdentifier>
    </Filter>
    <Filter Include="02.GameObjects\Camera\Camera_TPS">
      <UniqueIdentifier>{52b79f24-254c-4073-8656-4284c5087249}</UniqueIdentifier>
    </Filter>
    <Filter Include="02.GameObjects\Camera\Camera_FPS">
      <UniqueIdentifier>{338c494c-1d2d-4fc0-ad8d-88c6ae972446}</UniqueIdentifier>
    </Filter>
    <Filter Include="02.GameObjects\Skydome">
      <UniqueIdentifier>{f2ac6b87-9feb-427d-9cd4-64a57cb94d14}</UniqueIdentifier>
    </Filter>
    <Filter Include="02.GameObjects\Fury_Hanger">
      <UniqueIdentifier>{ec85730a-92fe-466a-a2b0-1fec193c6994}</UniqueIdentifier>
    </Filter>
    <Filter Include="02.GameObjects\Tiger_Hanger">
      <UniqueIdentifier>{535103fa-551b-45e6-ac80-5caff1375a56}</UniqueIdentifier>
    </Filter>
    <Filter Include="02.GameObjects\Shell">
      <UniqueIdentifier>{aa7b2ef5-1968-47c0-8078-17f3921904d3}</UniqueIdentifier>
    </Filter>
    <Filter Include="02.GameObjects\02.LandObject">
      <UniqueIdentifier>{8701e789-29a7-42b8-8b6b-993f153311d3}</UniqueIdentifier>
    </Filter>
    <Filter Include="02.GameObjects\03.Modules">
      <UniqueIdentifier>{80b184da-797c-4e62-8415-b897cff97fc5}</UniqueIdentifier>
    </Filter>
    <Filter Include="02.GameObjects\03.Modules\01.Turret">
      <UniqueIdentifier>{838ee112-d8ff-4f7e-8862-ee4dc2cee83e}</UniqueIdentifier>
    </Filter>
    <Filter Include="02.GameObjects\03.Modules\01.Turret\FuryTurret">
      <UniqueIdentifier>{f5d9b5b0-b18b-4c2a-858e-940c1c93358c}</UniqueIdentifier>
    </Filter>
    <Filter Include="02.GameObjects\03.Modules\01.Turret\TigerTurret">
      <UniqueIdentifier>{79be9bcd-ddf2-4384-8f1c-8a6e107f9359}</UniqueIdentifier>
    </Filter>
    <Filter Include="02.GameObjects\03.Modules\00.Engine">
      <UniqueIdentifier>{c8df65e9-7b48-40e0-9c53-e287b8fa694c}</UniqueIdentifier>
    </Filter>
    <Filter Include="02.GameObjects\03.Modules\02.Gun">
      <UniqueIdentifier>{84bd9c99-d35d-4d09-8ba8-3b01d647dba6}</UniqueIdentifier>
    </Filter>
    <Filter Include="02.GameObjects\03.Modules\02.Gun\FuryGun">
      <UniqueIdentifier>{1b856865-9148-4643-b184-8bb9560daba2}</UniqueIdentifier>
    </Filter>
    <Filter Include="02.GameObjects\03.Modules\02.Gun\TigerGun">
      <UniqueIdentifier>{78632613-37c4-45b2-91ad-3d7fdb18de74}</UniqueIdentifier>
    </Filter>
    <Filter Include="02.GameObjects\06.UIObject">
      <UniqueIdentifier>{0b062109-8ea6-489d-b955-2a856ff8098a}</UniqueIdentifier>
    </Filter>
    <Filter Include="02.GameObjects\06.UIObject\BackGround">
      <UniqueIdentifier>{2a95d670-b78b-4365-888f-45a6815fed54}</UniqueIdentifier>
    </Filter>
    <Filter Include="02.GameObjects\06.UIObject\DamagePannel">
      <UniqueIdentifier>{9c88118f-4f5c-4b51-8835-3aed34339ccf}</UniqueIdentifier>
    </Filter>
    <Filter Include="02.GameObjects\06.UIObject\StatusLight">
      <UniqueIdentifier>{9f5d5229-5fa6-4a83-8f2a-ee3f77dd730c}</UniqueIdentifier>
    </Filter>
    <Filter Include="02.GameObjects\06.UIObject\BackGround_Loading">
      <UniqueIdentifier>{8ec9cd4c-5161-4e33-94a6-d8798f09d340}</UniqueIdentifier>
    </Filter>
    <Filter Include="02.GameObjects\06.UIObject\Loading_Spinner">
      <UniqueIdentifier>{c9873731-d3be-4497-9f1d-e3a3482266cc}</UniqueIdentifier>
    </Filter>
    <Filter Include="02.GameObjects\06.UIObject\Logo">
      <UniqueIdentifier>{32dfd49a-6d67-4d17-ab5f-d282349339c6}</UniqueIdentifier>
    </Filter>
    <Filter Include="02.GameObjects\06.UIObject\Minimap">
      <UniqueIdentifier>{ede4b587-ace5-4334-b137-e6f178c3b60b}</UniqueIdentifier>
    </Filter>
    <Filter Include="02.GameObjects\06.UIObject\Minimap\PersonalArrowEntry">
      <UniqueIdentifier>{8ab7531b-c809-4f5e-97f4-4b995b6726f3}</UniqueIdentifier>
    </Filter>
    <Filter Include="02.GameObjects\06.UIObject\Crosshair">
      <UniqueIdentifier>{1568540f-f1fe-4fd5-9780-8e6e06ce597b}</UniqueIdentifier>
    </Filter>
    <Filter Include="02.GameObjects\06.UIObject\FPS_Renderer">
      <UniqueIdentifier>{2def2272-a72a-4975-b145-fc14d96f332e}</UniqueIdentifier>
    </Filter>
    <Filter Include="02.GameObjects\06.UIObject\00.Button">
      <UniqueIdentifier>{b7539a7f-8510-4fdc-99e1-940e53f2f4da}</UniqueIdentifier>
    </Filter>
    <Filter Include="02.GameObjects\06.UIObject\00.Button\10.Button_Tiger">
      <UniqueIdentifier>{131c3715-2a1a-4997-abed-8e51f83a3333}</UniqueIdentifier>
    </Filter>
    <Filter Include="02.GameObjects\06.UIObject\00.Button\07.Button_Login">
      <UniqueIdentifier>{ac2512d4-5aec-4055-a0d9-7d5bc79210a6}</UniqueIdentifier>
    </Filter>
    <Filter Include="02.GameObjects\06.UIObject\00.Button\08.Button_Start">
      <UniqueIdentifier>{de31479c-fd90-4066-8382-6dbdf56591ba}</UniqueIdentifier>
    </Filter>
    <Filter Include="02.GameObjects\06.UIObject\00.Button\09.Button_Fury">
      <UniqueIdentifier>{c0424797-a47c-4f09-b6bd-2a5e0d6ae945}</UniqueIdentifier>
    </Filter>
    <Filter Include="02.GameObjects\06.UIObject\00.Button\11.Button_Practice">
      <UniqueIdentifier>{2bc91c6c-3bd8-4330-8093-ce8ca39e5e25}</UniqueIdentifier>
    </Filter>
    <Filter Include="02.GameObjects\06.UIObject\CountdownTimer">
      <UniqueIdentifier>{8b57e999-4c20-4fc8-8470-b52c7bf7f545}</UniqueIdentifier>
    </Filter>
    <Filter Include="02.GameObjects\03.Modules\01.Turret\TigerTurretSkin">
      <UniqueIdentifier>{405c3d92-852e-4574-bb7f-940c3efcbce6}</UniqueIdentifier>
    </Filter>
    <Filter Include="02.GameObjects\03.Modules\02.Gun\TigerGunSkin">
      <UniqueIdentifier>{e4e48e01-dd49-41ee-957d-4420460d0035}</UniqueIdentifier>
    </Filter>
    <Filter Include="02.GameObjects\06.UIObject\00.Button\12.Button_Customize">
      <UniqueIdentifier>{c98ee023-9ac5-45fa-9893-276b2c61af48}</UniqueIdentifier>
    </Filter>
    <Filter Include="02.GameObjects\06.UIObject\Background_UI">
      <UniqueIdentifier>{21ee5e6c-33d8-4171-b236-757f96ade946}</UniqueIdentifier>
    </Filter>
    <Filter Include="02.GameObjects\06.UIObject\00.Button\13.Button_Exit_Customize">
      <UniqueIdentifier>{8603b1b0-c42f-4d51-b796-3a445c7582cd}</UniqueIdentifier>
    </Filter>
    <Filter Include="02.GameObjects\06.UIObject\00.Button\14.Button_Color">
      <UniqueIdentifier>{71766179-abf4-4669-9a1a-c92d3163b6fc}</UniqueIdentifier>
    </Filter>
    <Filter Include="02.GameObjects\06.UIObject\00.Button\15.Button_Part">
      <UniqueIdentifier>{16bcd23f-bc9a-4767-a183-f2becdcb97e4}</UniqueIdentifier>
    </Filter>
    <Filter Include="02.GameObjects\06.UIObject\Icon_Consumable">
      <UniqueIdentifier>{b01527be-ea6a-4532-a484-9dd87f7054bc}</UniqueIdentifier>
    </Filter>
    <Filter Include="02.GameObjects\03.Modules\04.AmmoBay">
      <UniqueIdentifier>{f920c9b9-c7ac-4b79-a547-a197da2f4a0c}</UniqueIdentifier>
    </Filter>
    <Filter Include="02.GameObjects\PickedManager">
      <UniqueIdentifier>{b4d81f98-6168-472a-8973-c146ce25e3f8}</UniqueIdentifier>
    </Filter>
    <Filter Include="02.GameObjects\06.UIObject\Score">
      <UniqueIdentifier>{4b8d4756-845e-4d64-b2e8-66f19e8ad6e7}</UniqueIdentifier>
    </Filter>
    <Filter Include="02.GameObjects\06.UIObject\Score\Score_Tank">
      <UniqueIdentifier>{7658b373-eb90-486b-9082-5a188c21827b}</UniqueIdentifier>
    </Filter>
    <Filter Include="02.GameObjects\06.UIObject\WOT_Icon">
      <UniqueIdentifier>{53b430a7-444b-4542-930c-ffc6365de69c}</UniqueIdentifier>
    </Filter>
    <Filter Include="02.GameObjects\Boundary">
      <UniqueIdentifier>{6e2bddc3-6acd-4527-95f9-570067b6bb9d}</UniqueIdentifier>
    </Filter>
    <Filter Include="02.GameObjects\06.UIObject\DamageIndicator">
      <UniqueIdentifier>{a446c30c-3b12-484f-88bb-7a6e7715d043}</UniqueIdentifier>
    </Filter>
    <Filter Include="02.GameObjects\InvisibleWall">
      <UniqueIdentifier>{9905a599-090d-4413-9f37-d005ff2614c2}</UniqueIdentifier>
    </Filter>
    <Filter Include="02.GameObjects\06.UIObject\DamagePannel\DirectionBody">
      <UniqueIdentifier>{05e9590a-4a87-4c73-a89f-54d92d6b84e8}</UniqueIdentifier>
    </Filter>
    <Filter Include="02.GameObjects\06.UIObject\DamagePannel\Icon_Module">
      <UniqueIdentifier>{f88e400f-91b3-4dee-8f30-17ade9367f88}</UniqueIdentifier>
    </Filter>
    <Filter Include="02.GameObjects\06.UIObject\DamagePannel\DirectionTurret">
      <UniqueIdentifier>{cede1728-9810-4075-a897-f70312698059}</UniqueIdentifier>
    </Filter>
    <Filter Include="02.GameObjects\06.UIObject\Minimap\Minimap_Tank">
      <UniqueIdentifier>{c3f8620e-2a90-49c5-98f8-b655dc150e34}</UniqueIdentifier>
    </Filter>
    <Filter Include="02.GameObjects\02.LandObject\DamageCollider">
      <UniqueIdentifier>{426337a1-ceb5-4c28-b0ed-ff520707ad79}</UniqueIdentifier>
    </Filter>
    <Filter Include="02.GameObjects\06.UIObject\AimCircle">
      <UniqueIdentifier>{6275eb25-2b5f-40a3-9b7c-56d795fe00b0}</UniqueIdentifier>
    </Filter>
    <Filter Include="02.GameObjects\06.UIObject\DamagePannel\DamageBar">
      <UniqueIdentifier>{fdb2fe1d-d53f-41e5-b1d7-f5e78d022bd9}</UniqueIdentifier>
    </Filter>
    <Filter Include="02.GameObjects\03.Modules\03.Chassis">
      <UniqueIdentifier>{e1cf0fc0-d734-4dd0-9343-c9e8a00f7efa}</UniqueIdentifier>
    </Filter>
    <Filter Include="02.GameObjects\03.Modules\03.Chassis\Track">
      <UniqueIdentifier>{dd5efe91-c3a5-42ff-9498-0ce882896f37}</UniqueIdentifier>
    </Filter>
    <Filter Include="02.GameObjects\03.Modules\03.Chassis\Track\TigerTrackLeft">
      <UniqueIdentifier>{7dd21582-d3a0-4dcd-83d4-7b469a64f426}</UniqueIdentifier>
    </Filter>
    <Filter Include="02.GameObjects\03.Modules\03.Chassis\Track\TigerTrackRight">
      <UniqueIdentifier>{e676163c-c9a7-4ac4-8f62-759493d2d5a0}</UniqueIdentifier>
    </Filter>
    <Filter Include="02.GameObjects\03.Modules\03.Chassis\Track\FuryTrackRight">
      <UniqueIdentifier>{e8cf1c38-c868-41a9-81cb-e942e0853879}</UniqueIdentifier>
    </Filter>
    <Filter Include="02.GameObjects\03.Modules\03.Chassis\Track\FuryTrackLeft">
      <UniqueIdentifier>{5e2aea67-3b9f-4600-80e1-f85fe27c4a84}</UniqueIdentifier>
    </Filter>
    <Filter Include="02.GameObjects\03.Modules\03.Chassis\Fury_Chassis">
      <UniqueIdentifier>{3249b491-7c46-456e-a076-8cd218a8e3ea}</UniqueIdentifier>
    </Filter>
    <Filter Include="02.GameObjects\03.Modules\03.Chassis\Tiger_Chassis">
      <UniqueIdentifier>{9202c5b1-f207-4247-ab2b-79002dda4100}</UniqueIdentifier>
    </Filter>
    <Filter Include="02.GameObjects\06.UIObject\DamageBar_World">
      <UniqueIdentifier>{4e45e9f9-6719-4755-a6e9-a72aed94e952}</UniqueIdentifier>
    </Filter>
    <Filter Include="02.GameObjects\06.UIObject\GunMarker">
      <UniqueIdentifier>{fdbd0d6e-a787-45fe-9f19-0acf768dae79}</UniqueIdentifier>
    </Filter>
    <Filter Include="02.GameObjects\02.LandObject\Buildings">
      <UniqueIdentifier>{8e8bad7c-1ed6-485c-bdeb-4a3824a94cec}</UniqueIdentifier>
    </Filter>
    <Filter Include="02.GameObjects\02.LandObject\Tank">
      <UniqueIdentifier>{da1f2422-d818-4fbd-952d-74c7f0d3b634}</UniqueIdentifier>
    </Filter>
    <Filter Include="02.GameObjects\02.LandObject\Tank\01.Fury">
      <UniqueIdentifier>{c966a2d1-8554-4eeb-9427-6760b2604cf1}</UniqueIdentifier>
    </Filter>
    <Filter Include="02.GameObjects\02.LandObject\Tank\02.Tiger">
      <UniqueIdentifier>{53fb97c9-91a5-472a-b681-59405508de74}</UniqueIdentifier>
    </Filter>
    <Filter Include="02.GameObjects\02.LandObject\Enviroments">
      <UniqueIdentifier>{fcddbf89-7e5b-4448-8c1f-f38f36d99a49}</UniqueIdentifier>
    </Filter>
    <Filter Include="02.GameObjects\02.LandObject\Enviroments\BurntTree">
      <UniqueIdentifier>{0a9216b7-c523-44af-a520-6f8d88df47be}</UniqueIdentifier>
    </Filter>
    <Filter Include="02.GameObjects\02.LandObject\Enviroments\PolishSignboards">
      <UniqueIdentifier>{2fb97751-a326-493a-91a4-398a818885b9}</UniqueIdentifier>
    </Filter>
    <Filter Include="02.GameObjects\02.LandObject\Buildings\ChurchA">
      <UniqueIdentifier>{f2b153c0-5025-47e7-beb4-4d377b99a662}</UniqueIdentifier>
    </Filter>
    <Filter Include="02.GameObjects\02.LandObject\Buildings\VHouse01A">
      <UniqueIdentifier>{a2135a6c-4067-4158-a479-61462e2152de}</UniqueIdentifier>
    </Filter>
    <Filter Include="02.GameObjects\02.LandObject\Buildings\KitCrashFactoryWall01A">
      <UniqueIdentifier>{41bca549-51c5-452c-a702-ec5d6c6f0ed4}</UniqueIdentifier>
    </Filter>
    <Filter Include="02.GameObjects\02.LandObject\Buildings\WorkshopNewRoof">
      <UniqueIdentifier>{2bb5a795-516c-4111-92bc-0e756265f5af}</UniqueIdentifier>
    </Filter>
    <Filter Include="02.GameObjects\02.LandObject\Buildings\Shed">
      <UniqueIdentifier>{99eaffd5-bbac-4e6a-bfce-7ac8c893de36}</UniqueIdentifier>
    </Filter>
    <Filter Include="01.Levels\06.ParticleTool">
      <UniqueIdentifier>{bebe79c9-6dcd-4a25-8128-c23c6808baea}</UniqueIdentifier>
    </Filter>
    <Filter Include="02.GameObjects\07.Effect">
      <UniqueIdentifier>{19df71fb-f0b7-4842-bb50-8cac79c98836}</UniqueIdentifier>
    </Filter>
    <Filter Include="02.GameObjects\07.Effect\Particle">
      <UniqueIdentifier>{a99704d6-d157-426e-9a14-02bfe39013ba}</UniqueIdentifier>
    </Filter>
    <Filter Include="02.GameObjects\07.Effect\Particle\Ash">
      <UniqueIdentifier>{d0450365-61b6-46fb-be1e-f7503247f80d}</UniqueIdentifier>
    </Filter>
    <Filter Include="02.GameObjects\07.Effect\Particle\Smoke">
      <UniqueIdentifier>{50a83f9c-6e07-4f88-8cc6-27675e333d6b}</UniqueIdentifier>
    </Filter>
    <Filter Include="96.ThirdParty\imGuiFileDialog">
      <UniqueIdentifier>{d64bea21-f869-472e-9b6d-f242a6183b17}</UniqueIdentifier>
    </Filter>
    <Filter Include="02.GameObjects\07.Effect\Particle\BaseParticle">
      <UniqueIdentifier>{2bf93a34-fb5d-4fd9-a387-854675f581fe}</UniqueIdentifier>
    </Filter>
    <Filter Include="02.GameObjects\07.Effect\Particle\HitSmoke">
      <UniqueIdentifier>{f1c1ba63-9c53-4ba4-a2c7-31b42a666d30}</UniqueIdentifier>
    </Filter>
    <Filter Include="02.GameObjects\07.Effect\Particle\Spark">
      <UniqueIdentifier>{c45befa5-ab8b-40db-be6f-3cb54d278f48}</UniqueIdentifier>
    </Filter>
    <Filter Include="02.GameObjects\07.Effect\Particle\DeadSmoke">
      <UniqueIdentifier>{da6657a3-204f-4534-a0a0-208ea1695328}</UniqueIdentifier>
    </Filter>
    <Filter Include="02.GameObjects\07.Effect\Particle\Explosion">
      <UniqueIdentifier>{c5c35542-8ebf-4883-aaac-851883f1a2c4}</UniqueIdentifier>
    </Filter>
    <Filter Include="02.GameObjects\07.Effect\Effect">
      <UniqueIdentifier>{adc000bd-1974-4018-bfd2-909c2762bac1}</UniqueIdentifier>
    </Filter>
    <Filter Include="02.GameObjects\07.Effect\Effect\TankExplosionEffect">
      <UniqueIdentifier>{11e9572d-7c76-42a1-9279-99e38a493153}</UniqueIdentifier>
    </Filter>
    <Filter Include="02.GameObjects\07.Effect\Effect\FireEffect">
      <UniqueIdentifier>{8d4e5f1c-583d-433c-a3eb-5de265854700}</UniqueIdentifier>
    </Filter>
    <Filter Include="02.GameObjects\07.Effect\Effect\DeadFireEffect">
      <UniqueIdentifier>{fb1d42bf-4bd1-488e-81b1-9b722bd73ff0}</UniqueIdentifier>
    </Filter>
    <Filter Include="02.GameObjects\01.Tool">
      <UniqueIdentifier>{208adb01-9e12-4601-84ef-9e861391dfd8}</UniqueIdentifier>
    </Filter>
    <Filter Include="02.GameObjects\01.Tool\00.Base_Tool">
      <UniqueIdentifier>{8aeb35db-0c2f-4631-a64e-f31061829e01}</UniqueIdentifier>
    </Filter>
    <Filter Include="02.GameObjects\01.Tool\01.MapTool">
      <UniqueIdentifier>{30165e83-5cac-404b-b8eb-0338e0512b2e}</UniqueIdentifier>
    </Filter>
    <Filter Include="02.GameObjects\01.Tool\02.ParticleTool">
      <UniqueIdentifier>{6331d4e9-a656-4ed2-a6d4-dc191cfdafd3}</UniqueIdentifier>
    </Filter>
    <Filter Include="02.GameObjects\01.Tool\MapObject">
      <UniqueIdentifier>{09d7c3fa-c02b-41c5-89b1-984da2cab58b}</UniqueIdentifier>
    </Filter>
    <Filter Include="02.GameObjects\01.Tool\MapVegetation">
      <UniqueIdentifier>{6e3c1e38-5a10-4e71-94b1-75b22e925530}</UniqueIdentifier>
    </Filter>
    <Filter Include="02.GameObjects\Camera\Camera_Hanger">
      <UniqueIdentifier>{06388f54-ce6b-44d5-bd29-68ec8c1914cb}</UniqueIdentifier>
    </Filter>
    <Filter Include="02.GameObjects\06.UIObject\Score\Missile">
      <UniqueIdentifier>{6ec4e12f-ed34-443d-81b0-36b7b7c65e43}</UniqueIdentifier>
    </Filter>
    <Filter Include="02.GameObjects\06.UIObject\Score\Missile\MissileSmoke">
      <UniqueIdentifier>{5eb680aa-776e-44d1-9ce4-83ca2adcd919}</UniqueIdentifier>
    </Filter>
    <Filter Include="02.GameObjects\06.UIObject\Score\Missile\MissileExplosionEffect">
      <UniqueIdentifier>{657664b0-e3c6-4a67-b902-ac4ab3198db7}</UniqueIdentifier>
    </Filter>
    <Filter Include="02.GameObjects\3DCustom">
      <UniqueIdentifier>{d586e4d9-112e-4148-88af-9342f441164d}</UniqueIdentifier>
    </Filter>
    <Filter Include="02.GameObjects\3DCustom\Monkey">
      <UniqueIdentifier>{e5c46f9c-9267-4e07-b6ae-a3dba1dca86a}</UniqueIdentifier>
    </Filter>
    <Filter Include="02.GameObjects\3DCustom\DragonHead">
      <UniqueIdentifier>{b43d6045-4e81-4827-bdef-0e20a9fb494e}</UniqueIdentifier>
    </Filter>
  </ItemGroup>
  <ItemGroup>
    <ClInclude Include="Client.h">
      <Filter>98.Default</Filter>
    </ClInclude>
    <ClInclude Include="framework.h">
      <Filter>98.Default</Filter>
    </ClInclude>
    <ClInclude Include="Resource.h">
      <Filter>98.Default</Filter>
    </ClInclude>
    <ClInclude Include="targetver.h">
      <Filter>98.Default</Filter>
    </ClInclude>
    <ClInclude Include="..\Public\Client_Defines.h">
      <Filter>99.Defines</Filter>
    </ClInclude>
    <ClInclude Include="..\Public\Client_Enum.h">
      <Filter>99.Defines</Filter>
    </ClInclude>
    <ClInclude Include="..\Public\Level_GamePlay.h">
      <Filter>01.Levels\03.GamePlay</Filter>
    </ClInclude>
    <ClInclude Include="..\Public\Loader.h">
      <Filter>01.Levels\00.Loading\Loader</Filter>
    </ClInclude>
    <ClInclude Include="..\Public\Level_Logo.h">
      <Filter>01.Levels\01.Logo</Filter>
    </ClInclude>
    <ClInclude Include="..\public\MainApp.h">
      <Filter>00.MainApp</Filter>
    </ClInclude>
    <ClInclude Include="..\public\BackGround.h">
      <Filter>02.GameObjects\06.UIObject\BackGround</Filter>
    </ClInclude>
    <ClInclude Include="..\public\StatusLight.h">
      <Filter>02.GameObjects\06.UIObject\StatusLight</Filter>
    </ClInclude>
    <ClInclude Include="..\Public\Terrain.h">
      <Filter>02.GameObjects\Terrain</Filter>
    </ClInclude>
    <ClInclude Include="..\Public\Level_Loading.h">
      <Filter>01.Levels\00.Loading</Filter>
    </ClInclude>
    <ClInclude Include="..\Public\BackGround_Loading.h">
      <Filter>02.GameObjects\06.UIObject\BackGround_Loading</Filter>
    </ClInclude>
    <ClInclude Include="..\Public\Loading_Spinner.h">
      <Filter>02.GameObjects\06.UIObject\Loading_Spinner</Filter>
    </ClInclude>
    <ClInclude Include="..\Public\Logo.h">
      <Filter>02.GameObjects\06.UIObject\Logo</Filter>
    </ClInclude>
    <ClInclude Include="..\Public\Level_Hanger.h">
      <Filter>01.Levels\02.Hanger</Filter>
    </ClInclude>
    <ClInclude Include="..\Public\Camera_Free.h">
      <Filter>02.GameObjects\Camera\Camera_Free</Filter>
    </ClInclude>
    <ClInclude Include="..\Public\Level_MapTool.h">
      <Filter>01.Levels\05.MapTool</Filter>
    </ClInclude>
    <ClInclude Include="..\ThirdParty\imgui\backends\imgui_impl_dx11.h">
      <Filter>96.ThirdParty\imgui\backends</Filter>
    </ClInclude>
    <ClInclude Include="..\ThirdParty\imgui\backends\imgui_impl_win32.h">
      <Filter>96.ThirdParty\imgui\backends</Filter>
    </ClInclude>
    <ClInclude Include="..\ThirdParty\imgui\imconfig.h">
      <Filter>96.ThirdParty\imgui</Filter>
    </ClInclude>
    <ClInclude Include="..\ThirdParty\imgui\imgui.h">
      <Filter>96.ThirdParty\imgui</Filter>
    </ClInclude>
    <ClInclude Include="..\ThirdParty\imgui\imgui_internal.h">
      <Filter>96.ThirdParty\imgui</Filter>
    </ClInclude>
    <ClInclude Include="..\ThirdParty\imgui\imstb_rectpack.h">
      <Filter>96.ThirdParty\imgui</Filter>
    </ClInclude>
    <ClInclude Include="..\ThirdParty\imgui\imstb_textedit.h">
      <Filter>96.ThirdParty\imgui</Filter>
    </ClInclude>
    <ClInclude Include="..\ThirdParty\imgui\imstb_truetype.h">
      <Filter>96.ThirdParty\imgui</Filter>
    </ClInclude>
    <ClInclude Include="..\Public\MapTool.h">
      <Filter>02.GameObjects\01.Tool\01.MapTool</Filter>
    </ClInclude>
    <ClInclude Include="..\ThirdParty\imGuizmo\ImGuizmo.h">
      <Filter>96.ThirdParty\imGuizmo</Filter>
    </ClInclude>
    <ClInclude Include="..\public\Engine.h">
      <Filter>02.GameObjects\03.Modules\00.Engine</Filter>
    </ClInclude>
    <ClInclude Include="..\public\Level_Practice.h">
      <Filter>01.Levels\04.Practice</Filter>
    </ClInclude>
    <ClInclude Include="..\public\Tool.h">
      <Filter>02.GameObjects\01.Tool</Filter>
    </ClInclude>
    <ClInclude Include="..\public\Tool_Base.h">
      <Filter>02.GameObjects\01.Tool\00.Base_Tool</Filter>
    </ClInclude>
    <ClInclude Include="..\public\MapObject.h">
      <Filter>02.GameObjects\01.Tool\MapObject</Filter>
    </ClInclude>
    <ClInclude Include="..\public\Skydome.h">
      <Filter>02.GameObjects\Skydome</Filter>
    </ClInclude>
    <ClInclude Include="..\public\BurntTree.h">
      <Filter>02.GameObjects\02.LandObject\Enviroments\BurntTree</Filter>
    </ClInclude>
    <ClInclude Include="..\public\Camera_TPS.h">
      <Filter>02.GameObjects\Camera\Camera_TPS</Filter>
    </ClInclude>
    <ClInclude Include="..\public\FuryTurret.h">
      <Filter>02.GameObjects\03.Modules\01.Turret\FuryTurret</Filter>
    </ClInclude>
    <ClInclude Include="..\public\VHouse01A.h">
      <Filter>02.GameObjects\02.LandObject\Buildings\VHouse01A</Filter>
    </ClInclude>
    <ClInclude Include="..\public\ChurchA.h">
      <Filter>02.GameObjects\02.LandObject\Buildings\ChurchA</Filter>
    </ClInclude>
    <ClInclude Include="..\public\Minimap.h">
      <Filter>02.GameObjects\06.UIObject\Minimap</Filter>
    </ClInclude>
    <ClInclude Include="..\public\DamagePanel.h">
      <Filter>02.GameObjects\06.UIObject\DamagePannel</Filter>
    </ClInclude>
    <ClInclude Include="..\public\Button_Login.h">
      <Filter>02.GameObjects\06.UIObject\00.Button\07.Button_Login</Filter>
    </ClInclude>
    <ClInclude Include="..\public\Button_Start.h">
      <Filter>02.GameObjects\06.UIObject\00.Button\08.Button_Start</Filter>
    </ClInclude>
    <ClInclude Include="..\public\Button_Fury.h">
      <Filter>02.GameObjects\06.UIObject\00.Button\09.Button_Fury</Filter>
    </ClInclude>
    <ClInclude Include="..\public\Fury_Hanger.h">
      <Filter>02.GameObjects\Fury_Hanger</Filter>
    </ClInclude>
    <ClInclude Include="..\public\Tiger_Hanger.h">
      <Filter>02.GameObjects\Tiger_Hanger</Filter>
    </ClInclude>
    <ClInclude Include="..\public\Button_Tiger.h">
      <Filter>02.GameObjects\06.UIObject\00.Button\10.Button_Tiger</Filter>
    </ClInclude>
    <ClInclude Include="..\public\GameManager.h">
      <Filter>02.GameObjects\00.GameManager</Filter>
    </ClInclude>
    <ClInclude Include="..\public\Tiger.h">
      <Filter>02.GameObjects\02.LandObject\Tank\02.Tiger</Filter>
    </ClInclude>
    <ClInclude Include="..\public\FuryTrackLeft.h">
      <Filter>02.GameObjects\03.Modules\03.Chassis\Track\FuryTrackLeft</Filter>
    </ClInclude>
    <ClInclude Include="..\public\FuryTrackRight.h">
      <Filter>02.GameObjects\03.Modules\03.Chassis\Track\FuryTrackRight</Filter>
    </ClInclude>
    <ClInclude Include="..\public\FuryGun.h">
      <Filter>02.GameObjects\03.Modules\02.Gun\FuryGun</Filter>
    </ClInclude>
    <ClInclude Include="..\public\Camera_FPS.h">
      <Filter>02.GameObjects\Camera\Camera_FPS</Filter>
    </ClInclude>
    <ClInclude Include="..\public\TigerTurret.h">
      <Filter>02.GameObjects\03.Modules\01.Turret\TigerTurret</Filter>
    </ClInclude>
    <ClInclude Include="..\public\TigerGun.h">
      <Filter>02.GameObjects\03.Modules\02.Gun\TigerGun</Filter>
    </ClInclude>
    <ClInclude Include="..\public\TigerTrackLeft.h">
      <Filter>02.GameObjects\03.Modules\03.Chassis\Track\TigerTrackLeft</Filter>
    </ClInclude>
    <ClInclude Include="..\public\TigerTrackRight.h">
      <Filter>02.GameObjects\03.Modules\03.Chassis\Track\TigerTrackRight</Filter>
    </ClInclude>
    <ClInclude Include="..\public\WOT_Icon.h">
      <Filter>02.GameObjects\06.UIObject\WOT_Icon</Filter>
    </ClInclude>
    <ClInclude Include="..\public\Turret.h">
      <Filter>02.GameObjects\03.Modules\01.Turret</Filter>
    </ClInclude>
    <ClInclude Include="..\public\Gun.h">
      <Filter>02.GameObjects\03.Modules\02.Gun</Filter>
    </ClInclude>
    <ClInclude Include="..\public\Icon_Module.h">
      <Filter>02.GameObjects\06.UIObject\DamagePannel\Icon_Module</Filter>
    </ClInclude>
    <ClInclude Include="..\public\Tank.h">
      <Filter>02.GameObjects\02.LandObject\Tank</Filter>
    </ClInclude>
    <ClInclude Include="..\public\Track.h">
      <Filter>02.GameObjects\03.Modules\03.Chassis\Track</Filter>
    </ClInclude>
    <ClInclude Include="..\public\PersonalArrowEntry.h">
      <Filter>02.GameObjects\06.UIObject\Minimap\PersonalArrowEntry</Filter>
    </ClInclude>
    <ClInclude Include="..\public\Crosshair.h">
      <Filter>02.GameObjects\06.UIObject\Crosshair</Filter>
    </ClInclude>
    <ClInclude Include="..\public\DamageBar.h">
      <Filter>02.GameObjects\06.UIObject\DamagePannel\DamageBar</Filter>
    </ClInclude>
    <ClInclude Include="..\public\GunMarker.h">
      <Filter>02.GameObjects\06.UIObject\GunMarker</Filter>
    </ClInclude>
    <ClInclude Include="..\public\DirectionBody.h">
      <Filter>02.GameObjects\06.UIObject\DamagePannel\DirectionBody</Filter>
    </ClInclude>
    <ClInclude Include="..\public\Shell.h">
      <Filter>02.GameObjects\Shell</Filter>
    </ClInclude>
    <ClInclude Include="..\public\DamageBar_World.h">
      <Filter>02.GameObjects\06.UIObject\DamageBar_World</Filter>
    </ClInclude>
    <ClInclude Include="..\public\FPS_Renderer.h">
      <Filter>02.GameObjects\06.UIObject\FPS_Renderer</Filter>
    </ClInclude>
    <ClInclude Include="..\public\Button_Practice.h">
      <Filter>02.GameObjects\06.UIObject\00.Button\11.Button_Practice</Filter>
    </ClInclude>
    <ClInclude Include="..\public\Minimap_Tank.h">
      <Filter>02.GameObjects\06.UIObject\Minimap\Minimap_Tank</Filter>
    </ClInclude>
    <ClInclude Include="..\public\CountdownTimer.h">
      <Filter>02.GameObjects\06.UIObject\CountdownTimer</Filter>
    </ClInclude>
    <ClInclude Include="..\public\TigerTurretSkin.h">
      <Filter>02.GameObjects\03.Modules\01.Turret\TigerTurretSkin</Filter>
    </ClInclude>
    <ClInclude Include="..\public\TigerGunSkin.h">
      <Filter>02.GameObjects\03.Modules\02.Gun\TigerGunSkin</Filter>
    </ClInclude>
    <ClInclude Include="..\public\Button_Customize.h">
      <Filter>02.GameObjects\06.UIObject\00.Button\12.Button_Customize</Filter>
    </ClInclude>
    <ClInclude Include="..\public\Background_UI.h">
      <Filter>02.GameObjects\06.UIObject\Background_UI</Filter>
    </ClInclude>
    <ClInclude Include="..\public\Button_Exit_Customize.h">
      <Filter>02.GameObjects\06.UIObject\00.Button\13.Button_Exit_Customize</Filter>
    </ClInclude>
    <ClInclude Include="..\public\Button_Color.h">
      <Filter>02.GameObjects\06.UIObject\00.Button\14.Button_Color</Filter>
    </ClInclude>
    <ClInclude Include="..\public\Button_Part.h">
      <Filter>02.GameObjects\06.UIObject\00.Button\15.Button_Part</Filter>
    </ClInclude>
    <ClInclude Include="..\public\Icon_Consumables.h">
      <Filter>02.GameObjects\06.UIObject\Icon_Consumable</Filter>
    </ClInclude>
    <ClInclude Include="..\public\Module.h">
      <Filter>02.GameObjects\03.Modules</Filter>
    </ClInclude>
    <ClInclude Include="..\public\AmmoBay.h">
      <Filter>02.GameObjects\03.Modules\04.AmmoBay</Filter>
    </ClInclude>
    <ClInclude Include="..\public\DamageCollider.h">
      <Filter>02.GameObjects\02.LandObject\DamageCollider</Filter>
    </ClInclude>
    <ClInclude Include="..\public\PickedManager.h">
      <Filter>02.GameObjects\PickedManager</Filter>
    </ClInclude>
    <ClInclude Include="..\public\Score.h">
      <Filter>02.GameObjects\06.UIObject\Score</Filter>
    </ClInclude>
    <ClInclude Include="..\public\Score_Tank.h">
      <Filter>02.GameObjects\06.UIObject\Score\Score_Tank</Filter>
    </ClInclude>
    <ClInclude Include="..\public\Boundary.h">
      <Filter>02.GameObjects\Boundary</Filter>
    </ClInclude>
    <ClInclude Include="..\public\DamageIndicator.h">
      <Filter>02.GameObjects\06.UIObject\DamageIndicator</Filter>
    </ClInclude>
    <ClInclude Include="..\public\InvisibleWall.h">
      <Filter>02.GameObjects\InvisibleWall</Filter>
    </ClInclude>
    <ClInclude Include="..\public\DirectionTurret.h">
      <Filter>02.GameObjects\06.UIObject\DamagePannel\DirectionTurret</Filter>
    </ClInclude>
    <ClInclude Include="..\public\AimCircle.h">
      <Filter>02.GameObjects\06.UIObject\AimCircle</Filter>
    </ClInclude>
    <ClInclude Include="..\public\Building.h">
      <Filter>02.GameObjects\02.LandObject\Buildings</Filter>
    </ClInclude>
    <ClInclude Include="..\public\Fury.h">
      <Filter>02.GameObjects\02.LandObject\Tank\01.Fury</Filter>
    </ClInclude>
    <ClInclude Include="..\public\Chassis.h">
      <Filter>02.GameObjects\03.Modules\03.Chassis</Filter>
    </ClInclude>
    <ClInclude Include="..\public\Fury_Chassis.h">
      <Filter>02.GameObjects\03.Modules\03.Chassis\Fury_Chassis</Filter>
    </ClInclude>
    <ClInclude Include="..\public\Tiger_Chassis.h">
      <Filter>02.GameObjects\03.Modules\03.Chassis\Tiger_Chassis</Filter>
    </ClInclude>
    <ClInclude Include="..\public\PolishSignboards.h">
      <Filter>02.GameObjects\02.LandObject\Enviroments\PolishSignboards</Filter>
    </ClInclude>
    <ClInclude Include="..\public\KitCrashFactoryWall01A.h">
      <Filter>02.GameObjects\02.LandObject\Buildings\KitCrashFactoryWall01A</Filter>
    </ClInclude>
    <ClInclude Include="..\public\WorkshopNewRoof.h">
      <Filter>02.GameObjects\02.LandObject\Buildings\WorkshopNewRoof</Filter>
    </ClInclude>
    <ClInclude Include="..\public\Shed.h">
      <Filter>02.GameObjects\02.LandObject\Buildings\Shed</Filter>
    </ClInclude>
    <ClInclude Include="..\public\Level_ParticleTool.h">
      <Filter>01.Levels\06.ParticleTool</Filter>
    </ClInclude>
    <ClInclude Include="..\public\Ash.h">
      <Filter>02.GameObjects\07.Effect\Particle\Ash</Filter>
    </ClInclude>
    <ClInclude Include="..\public\Smoke.h">
      <Filter>02.GameObjects\07.Effect\Particle\Smoke</Filter>
    </ClInclude>
    <ClInclude Include="..\public\ParticleTool.h">
      <Filter>02.GameObjects\01.Tool\02.ParticleTool</Filter>
    </ClInclude>
    <ClInclude Include="..\ThirdParty\imGuiFileDialog\ImGuiFileDialog.h">
      <Filter>96.ThirdParty\imGuiFileDialog</Filter>
    </ClInclude>
    <ClInclude Include="..\ThirdParty\imGuiFileDialog\ImGuiFileDialogConfig.h">
      <Filter>96.ThirdParty\imGuiFileDialog</Filter>
    </ClInclude>
    <ClInclude Include="..\ThirdParty\imGuiFileDialog\dirent\dirent.h">
      <Filter>96.ThirdParty\imGuiFileDialog</Filter>
    </ClInclude>
    <ClInclude Include="..\ThirdParty\imGuiFileDialog\stb\stb_image.h">
      <Filter>96.ThirdParty\imGuiFileDialog</Filter>
    </ClInclude>
    <ClInclude Include="..\ThirdParty\imGuiFileDialog\stb\stb_image_resize2.h">
      <Filter>96.ThirdParty\imGuiFileDialog</Filter>
    </ClInclude>
    <ClInclude Include="..\public\BaseParticle.h">
      <Filter>02.GameObjects\07.Effect\Particle\BaseParticle</Filter>
    </ClInclude>
    <ClInclude Include="..\public\FireEffect.h">
      <Filter>02.GameObjects\07.Effect\Effect\FireEffect</Filter>
    </ClInclude>
    <ClInclude Include="..\public\HitSmoke.h">
      <Filter>02.GameObjects\07.Effect\Particle\HitSmoke</Filter>
    </ClInclude>
    <ClInclude Include="..\public\Spark.h">
      <Filter>02.GameObjects\07.Effect\Particle\Spark</Filter>
    </ClInclude>
    <ClInclude Include="..\public\TankExplosionEffect.h">
      <Filter>02.GameObjects\07.Effect\Effect\TankExplosionEffect</Filter>
    </ClInclude>
    <ClInclude Include="..\public\DeadSmoke.h">
      <Filter>02.GameObjects\07.Effect\Particle\DeadSmoke</Filter>
    </ClInclude>
    <ClInclude Include="..\public\DeadFireEffect.h">
      <Filter>02.GameObjects\07.Effect\Effect\DeadFireEffect</Filter>
    </ClInclude>
    <ClInclude Include="..\public\Explosion.h">
      <Filter>02.GameObjects\07.Effect\Particle\Explosion</Filter>
    </ClInclude>
    <ClInclude Include="..\public\MapVegetation.h">
      <Filter>02.GameObjects\01.Tool\MapVegetation</Filter>
    </ClInclude>
    <ClInclude Include="..\public\Camera_Hanger.h">
      <Filter>02.GameObjects\Camera\Camera_Hanger</Filter>
    </ClInclude>
    <ClInclude Include="..\public\Missile.h">
      <Filter>02.GameObjects\06.UIObject\Score\Missile</Filter>
    </ClInclude>
    <ClInclude Include="..\public\MissileSmoke.h">
      <Filter>02.GameObjects\06.UIObject\Score\Missile\MissileSmoke</Filter>
    </ClInclude>
    <ClInclude Include="..\public\MissileExplosionEffect.h">
      <Filter>02.GameObjects\06.UIObject\Score\Missile\MissileExplosionEffect</Filter>
    </ClInclude>
    <ClInclude Include="..\public\3DCustom.h">
      <Filter>02.GameObjects\3DCustom</Filter>
    </ClInclude>
    <ClInclude Include="..\public\Monkey.h">
      <Filter>02.GameObjects\3DCustom\Monkey</Filter>
    </ClInclude>
    <ClInclude Include="..\public\DragonHead.h">
      <Filter>02.GameObjects\3DCustom\DragonHead</Filter>
    </ClInclude>
  </ItemGroup>
  <ItemGroup>
    <Image Include="Client.ico">
      <Filter>98.Default</Filter>
    </Image>
    <Image Include="small.ico">
      <Filter>98.Default</Filter>
    </Image>
  </ItemGroup>
  <ItemGroup>
    <ResourceCompile Include="Client.rc">
      <Filter>98.Default</Filter>
    </ResourceCompile>
  </ItemGroup>
  <ItemGroup>
    <ClCompile Include="Client.cpp">
      <Filter>98.Default</Filter>
    </ClCompile>
    <ClCompile Include="..\Private\Level_GamePlay.cpp">
      <Filter>01.Levels\03.GamePlay</Filter>
    </ClCompile>
    <ClCompile Include="..\Private\Loader.cpp">
      <Filter>01.Levels\00.Loading\Loader</Filter>
    </ClCompile>
    <ClCompile Include="..\Private\Level_Logo.cpp">
      <Filter>01.Levels\01.Logo</Filter>
    </ClCompile>
    <ClCompile Include="..\private\BackGround.cpp">
      <Filter>02.GameObjects\06.UIObject\BackGround</Filter>
    </ClCompile>
    <ClCompile Include="..\private\StatusLight.cpp">
      <Filter>02.GameObjects\06.UIObject\StatusLight</Filter>
    </ClCompile>
    <ClCompile Include="..\Private\Terrain.cpp">
      <Filter>02.GameObjects\Terrain</Filter>
    </ClCompile>
    <ClCompile Include="..\Private\Level_Loading.cpp">
      <Filter>01.Levels\00.Loading</Filter>
    </ClCompile>
    <ClCompile Include="..\Private\MainApp.cpp">
      <Filter>00.MainApp</Filter>
    </ClCompile>
    <ClCompile Include="..\Private\BackGround_Loading.cpp">
      <Filter>02.GameObjects\06.UIObject\BackGround_Loading</Filter>
    </ClCompile>
    <ClCompile Include="..\Private\Loading_Spinner.cpp">
      <Filter>02.GameObjects\06.UIObject\Loading_Spinner</Filter>
    </ClCompile>
    <ClCompile Include="..\Private\Logo.cpp">
      <Filter>02.GameObjects\06.UIObject\Logo</Filter>
    </ClCompile>
    <ClCompile Include="..\Private\Level_Hanger.cpp">
      <Filter>01.Levels\02.Hanger</Filter>
    </ClCompile>
    <ClCompile Include="..\Private\Camera_Free.cpp">
      <Filter>02.GameObjects\Camera\Camera_Free</Filter>
    </ClCompile>
    <ClCompile Include="..\Private\Level_MapTool.cpp">
      <Filter>01.Levels\05.MapTool</Filter>
    </ClCompile>
    <ClCompile Include="..\ThirdParty\imgui\backends\imgui_impl_dx11.cpp">
      <Filter>96.ThirdParty\imgui\backends</Filter>
    </ClCompile>
    <ClCompile Include="..\ThirdParty\imgui\backends\imgui_impl_win32.cpp">
      <Filter>96.ThirdParty\imgui\backends</Filter>
    </ClCompile>
    <ClCompile Include="..\ThirdParty\imgui\imgui.cpp">
      <Filter>96.ThirdParty\imgui</Filter>
    </ClCompile>
    <ClCompile Include="..\ThirdParty\imgui\imgui_demo.cpp">
      <Filter>96.ThirdParty\imgui</Filter>
    </ClCompile>
    <ClCompile Include="..\ThirdParty\imgui\imgui_draw.cpp">
      <Filter>96.ThirdParty\imgui</Filter>
    </ClCompile>
    <ClCompile Include="..\ThirdParty\imgui\imgui_tables.cpp">
      <Filter>96.ThirdParty\imgui</Filter>
    </ClCompile>
    <ClCompile Include="..\ThirdParty\imgui\imgui_widgets.cpp">
      <Filter>96.ThirdParty\imgui</Filter>
    </ClCompile>
    <ClCompile Include="..\Private\MapTool.cpp">
      <Filter>02.GameObjects\01.Tool\01.MapTool</Filter>
    </ClCompile>
    <ClCompile Include="..\ThirdParty\imGuizmo\ImGuizmo.cpp">
      <Filter>96.ThirdParty\imGuizmo</Filter>
    </ClCompile>
    <ClCompile Include="..\private\Engine.cpp">
      <Filter>02.GameObjects\03.Modules\00.Engine</Filter>
    </ClCompile>
    <ClCompile Include="..\private\Level_Practice.cpp">
      <Filter>01.Levels\04.Practice</Filter>
    </ClCompile>
    <ClCompile Include="..\private\Tool.cpp">
      <Filter>02.GameObjects\01.Tool</Filter>
    </ClCompile>
    <ClCompile Include="..\private\Tool_Base.cpp">
      <Filter>02.GameObjects\01.Tool\00.Base_Tool</Filter>
    </ClCompile>
    <ClCompile Include="..\private\MapObject.cpp">
      <Filter>02.GameObjects\01.Tool\MapObject</Filter>
    </ClCompile>
    <ClCompile Include="..\private\Skydome.cpp">
      <Filter>02.GameObjects\Skydome</Filter>
    </ClCompile>
    <ClCompile Include="..\private\Fury.cpp">
      <Filter>02.GameObjects\02.LandObject\Tank\01.Fury</Filter>
    </ClCompile>
    <ClCompile Include="..\private\BurntTree.cpp">
      <Filter>02.GameObjects\02.LandObject\Enviroments\BurntTree</Filter>
    </ClCompile>
    <ClCompile Include="..\private\Camera_TPS.cpp">
      <Filter>02.GameObjects\Camera\Camera_TPS</Filter>
    </ClCompile>
    <ClCompile Include="..\private\FuryTurret.cpp">
      <Filter>02.GameObjects\03.Modules\01.Turret\FuryTurret</Filter>
    </ClCompile>
    <ClCompile Include="..\private\VHouse01A.cpp">
      <Filter>02.GameObjects\02.LandObject\Buildings\VHouse01A</Filter>
    </ClCompile>
    <ClCompile Include="..\private\ChurchA.cpp">
      <Filter>02.GameObjects\02.LandObject\Buildings\ChurchA</Filter>
    </ClCompile>
    <ClCompile Include="..\private\Minimap.cpp">
      <Filter>02.GameObjects\06.UIObject\Minimap</Filter>
    </ClCompile>
    <ClCompile Include="..\private\DamagePanel.cpp">
      <Filter>02.GameObjects\06.UIObject\DamagePannel</Filter>
    </ClCompile>
    <ClCompile Include="..\private\Button_Login.cpp">
      <Filter>02.GameObjects\06.UIObject\00.Button\07.Button_Login</Filter>
    </ClCompile>
    <ClCompile Include="..\private\Button_Start.cpp">
      <Filter>02.GameObjects\06.UIObject\00.Button\08.Button_Start</Filter>
    </ClCompile>
    <ClCompile Include="..\private\Button_Fury.cpp">
      <Filter>02.GameObjects\06.UIObject\00.Button\09.Button_Fury</Filter>
    </ClCompile>
    <ClCompile Include="..\private\Fury_Hanger.cpp">
      <Filter>02.GameObjects\Fury_Hanger</Filter>
    </ClCompile>
    <ClCompile Include="..\private\Tiger_Hanger.cpp">
      <Filter>02.GameObjects\Tiger_Hanger</Filter>
    </ClCompile>
    <ClCompile Include="..\private\Button_Tiger.cpp">
      <Filter>02.GameObjects\06.UIObject\00.Button\10.Button_Tiger</Filter>
    </ClCompile>
    <ClCompile Include="..\private\GameManager.cpp">
      <Filter>02.GameObjects\00.GameManager</Filter>
    </ClCompile>
    <ClCompile Include="..\private\Tiger.cpp">
      <Filter>02.GameObjects\02.LandObject\Tank\02.Tiger</Filter>
    </ClCompile>
    <ClCompile Include="..\private\FuryTrackLeft.cpp">
      <Filter>02.GameObjects\03.Modules\03.Chassis\Track\FuryTrackLeft</Filter>
    </ClCompile>
    <ClCompile Include="..\private\FuryTrackRight.cpp">
      <Filter>02.GameObjects\03.Modules\03.Chassis\Track\FuryTrackRight</Filter>
    </ClCompile>
    <ClCompile Include="..\private\FuryGun.cpp">
      <Filter>02.GameObjects\03.Modules\02.Gun\FuryGun</Filter>
    </ClCompile>
    <ClCompile Include="..\private\Camera_FPS.cpp">
      <Filter>02.GameObjects\Camera\Camera_FPS</Filter>
    </ClCompile>
    <ClCompile Include="..\private\TigerTurret.cpp">
      <Filter>02.GameObjects\03.Modules\01.Turret\TigerTurret</Filter>
    </ClCompile>
    <ClCompile Include="..\private\TigerGun.cpp">
      <Filter>02.GameObjects\03.Modules\02.Gun\TigerGun</Filter>
    </ClCompile>
    <ClCompile Include="..\private\TigerTrackLeft.cpp">
      <Filter>02.GameObjects\03.Modules\03.Chassis\Track\TigerTrackLeft</Filter>
    </ClCompile>
    <ClCompile Include="..\private\TigerTrackRight.cpp">
      <Filter>02.GameObjects\03.Modules\03.Chassis\Track\TigerTrackRight</Filter>
    </ClCompile>
    <ClCompile Include="..\private\WOT_Icon.cpp">
      <Filter>02.GameObjects\06.UIObject\WOT_Icon</Filter>
    </ClCompile>
    <ClCompile Include="..\private\Turret.cpp">
      <Filter>02.GameObjects\03.Modules\01.Turret</Filter>
    </ClCompile>
    <ClCompile Include="..\private\Gun.cpp">
      <Filter>02.GameObjects\03.Modules\02.Gun</Filter>
    </ClCompile>
    <ClCompile Include="..\private\Icon_Module.cpp">
      <Filter>02.GameObjects\06.UIObject\DamagePannel\Icon_Module</Filter>
    </ClCompile>
    <ClCompile Include="..\private\Tank.cpp">
      <Filter>02.GameObjects\02.LandObject\Tank</Filter>
    </ClCompile>
    <ClCompile Include="..\private\Track.cpp">
      <Filter>02.GameObjects\03.Modules\03.Chassis\Track</Filter>
    </ClCompile>
    <ClCompile Include="..\private\PersonalArrowEntry.cpp">
      <Filter>02.GameObjects\06.UIObject\Minimap\PersonalArrowEntry</Filter>
    </ClCompile>
    <ClCompile Include="..\private\Crosshair.cpp">
      <Filter>02.GameObjects\06.UIObject\Crosshair</Filter>
    </ClCompile>
    <ClCompile Include="..\private\DamageBar.cpp">
      <Filter>02.GameObjects\06.UIObject\DamagePannel\DamageBar</Filter>
    </ClCompile>
    <ClCompile Include="..\private\GunMarker.cpp">
      <Filter>02.GameObjects\06.UIObject\GunMarker</Filter>
    </ClCompile>
    <ClCompile Include="..\private\DirectionBody.cpp">
      <Filter>02.GameObjects\06.UIObject\DamagePannel\DirectionBody</Filter>
    </ClCompile>
    <ClCompile Include="..\private\Shell.cpp">
      <Filter>02.GameObjects\Shell</Filter>
    </ClCompile>
    <ClCompile Include="..\private\DamageBar_World.cpp">
      <Filter>02.GameObjects\06.UIObject\DamageBar_World</Filter>
    </ClCompile>
    <ClCompile Include="..\private\FPS_Renderer.cpp">
      <Filter>02.GameObjects\06.UIObject\FPS_Renderer</Filter>
    </ClCompile>
    <ClCompile Include="..\private\Button_Practice.cpp">
      <Filter>02.GameObjects\06.UIObject\00.Button\11.Button_Practice</Filter>
    </ClCompile>
    <ClCompile Include="..\private\Minimap_Tank.cpp">
      <Filter>02.GameObjects\06.UIObject\Minimap\Minimap_Tank</Filter>
    </ClCompile>
    <ClCompile Include="..\private\CountdownTimer.cpp">
      <Filter>02.GameObjects\06.UIObject\CountdownTimer</Filter>
    </ClCompile>
    <ClCompile Include="..\private\TigerTurretSkin.cpp">
      <Filter>02.GameObjects\03.Modules\01.Turret\TigerTurretSkin</Filter>
    </ClCompile>
    <ClCompile Include="..\private\TigerGunSkin.cpp">
      <Filter>02.GameObjects\03.Modules\02.Gun\TigerGunSkin</Filter>
    </ClCompile>
    <ClCompile Include="..\private\Button_Customize.cpp">
      <Filter>02.GameObjects\06.UIObject\00.Button\12.Button_Customize</Filter>
    </ClCompile>
    <ClCompile Include="..\private\Background_UI.cpp">
      <Filter>02.GameObjects\06.UIObject\Background_UI</Filter>
    </ClCompile>
    <ClCompile Include="..\private\Button_Exit_Customize.cpp">
      <Filter>02.GameObjects\06.UIObject\00.Button\13.Button_Exit_Customize</Filter>
    </ClCompile>
    <ClCompile Include="..\private\Button_Color.cpp">
      <Filter>02.GameObjects\06.UIObject\00.Button\14.Button_Color</Filter>
    </ClCompile>
    <ClCompile Include="..\private\Button_Part.cpp">
      <Filter>02.GameObjects\06.UIObject\00.Button\15.Button_Part</Filter>
    </ClCompile>
    <ClCompile Include="..\private\Icon_Consumables.cpp">
      <Filter>02.GameObjects\06.UIObject\Icon_Consumable</Filter>
    </ClCompile>
    <ClCompile Include="..\private\Module.cpp">
      <Filter>02.GameObjects\03.Modules</Filter>
    </ClCompile>
    <ClCompile Include="..\private\AmmoBay.cpp">
      <Filter>02.GameObjects\03.Modules\04.AmmoBay</Filter>
    </ClCompile>
    <ClCompile Include="..\private\DamageCollider.cpp">
      <Filter>02.GameObjects\02.LandObject\DamageCollider</Filter>
    </ClCompile>
    <ClCompile Include="..\private\PickedManager.cpp">
      <Filter>02.GameObjects\PickedManager</Filter>
    </ClCompile>
    <ClCompile Include="..\private\Score.cpp">
      <Filter>02.GameObjects\06.UIObject\Score</Filter>
    </ClCompile>
    <ClCompile Include="..\private\Score_Tank.cpp">
      <Filter>02.GameObjects\06.UIObject\Score\Score_Tank</Filter>
    </ClCompile>
    <ClCompile Include="..\private\Boundary.cpp">
      <Filter>02.GameObjects\Boundary</Filter>
    </ClCompile>
    <ClCompile Include="..\private\DamageIndicator.cpp">
      <Filter>02.GameObjects\06.UIObject\DamageIndicator</Filter>
    </ClCompile>
    <ClCompile Include="..\private\InvisibleWall.cpp">
      <Filter>02.GameObjects\InvisibleWall</Filter>
    </ClCompile>
    <ClCompile Include="..\private\DirectionTurret.cpp">
      <Filter>02.GameObjects\06.UIObject\DamagePannel\DirectionTurret</Filter>
    </ClCompile>
    <ClCompile Include="..\private\AimCircle.cpp">
      <Filter>02.GameObjects\06.UIObject\AimCircle</Filter>
    </ClCompile>
    <ClCompile Include="..\private\Building.cpp">
      <Filter>02.GameObjects\02.LandObject\Buildings</Filter>
    </ClCompile>
    <ClCompile Include="..\private\Chassis.cpp">
      <Filter>02.GameObjects\03.Modules\03.Chassis</Filter>
    </ClCompile>
    <ClCompile Include="..\private\Fury_Chassis.cpp">
      <Filter>02.GameObjects\03.Modules\03.Chassis\Fury_Chassis</Filter>
    </ClCompile>
    <ClCompile Include="..\private\Tiger_Chassis.cpp">
      <Filter>02.GameObjects\03.Modules\03.Chassis\Tiger_Chassis</Filter>
    </ClCompile>
    <ClCompile Include="..\private\PolishSignboards.cpp">
      <Filter>02.GameObjects\02.LandObject\Enviroments\PolishSignboards</Filter>
    </ClCompile>
    <ClCompile Include="..\private\KitCrashFactoryWall01A.cpp">
      <Filter>02.GameObjects\02.LandObject\Buildings\KitCrashFactoryWall01A</Filter>
    </ClCompile>
    <ClCompile Include="..\private\WorkshopNewRoof.cpp">
      <Filter>02.GameObjects\02.LandObject\Buildings\WorkshopNewRoof</Filter>
    </ClCompile>
    <ClCompile Include="..\private\Shed.cpp">
      <Filter>02.GameObjects\02.LandObject\Buildings\Shed</Filter>
    </ClCompile>
    <ClCompile Include="..\private\Level_ParticleTool.cpp">
      <Filter>01.Levels\06.ParticleTool</Filter>
    </ClCompile>
    <ClCompile Include="..\private\Ash.cpp">
      <Filter>02.GameObjects\07.Effect\Particle\Ash</Filter>
    </ClCompile>
    <ClCompile Include="..\private\Smoke.cpp">
      <Filter>02.GameObjects\07.Effect\Particle\Smoke</Filter>
    </ClCompile>
    <ClCompile Include="..\private\ParticleTool.cpp">
      <Filter>02.GameObjects\01.Tool\02.ParticleTool</Filter>
    </ClCompile>
    <ClCompile Include="..\ThirdParty\imGuiFileDialog\ImGuiFileDialog.cpp">
      <Filter>96.ThirdParty\imGuiFileDialog</Filter>
    </ClCompile>
    <ClCompile Include="..\private\BaseParticle.cpp">
      <Filter>02.GameObjects\07.Effect\Particle\BaseParticle</Filter>
    </ClCompile>
    <ClCompile Include="..\private\FireEffect.cpp">
      <Filter>02.GameObjects\07.Effect\Effect\FireEffect</Filter>
    </ClCompile>
    <ClCompile Include="..\private\HitSmoke.cpp">
      <Filter>02.GameObjects\07.Effect\Particle\HitSmoke</Filter>
    </ClCompile>
    <ClCompile Include="..\private\Spark.cpp">
      <Filter>02.GameObjects\07.Effect\Particle\Spark</Filter>
    </ClCompile>
    <ClCompile Include="..\private\TankExplosionEffect.cpp">
      <Filter>02.GameObjects\07.Effect\Effect\TankExplosionEffect</Filter>
    </ClCompile>
    <ClCompile Include="..\private\DeadSmoke.cpp">
      <Filter>02.GameObjects\07.Effect\Particle\DeadSmoke</Filter>
    </ClCompile>
    <ClCompile Include="..\private\DeadFireEffect.cpp">
      <Filter>02.GameObjects\07.Effect\Effect\DeadFireEffect</Filter>
    </ClCompile>
    <ClCompile Include="..\private\Explosion.cpp">
      <Filter>02.GameObjects\07.Effect\Particle\Explosion</Filter>
    </ClCompile>
    <ClCompile Include="..\private\MapVegetation.cpp">
      <Filter>02.GameObjects\01.Tool\MapVegetation</Filter>
    </ClCompile>
    <ClCompile Include="..\private\Camera_Hanger.cpp">
      <Filter>02.GameObjects\Camera\Camera_Hanger</Filter>
    </ClCompile>
    <ClCompile Include="..\private\Missile.cpp">
      <Filter>02.GameObjects\06.UIObject\Score\Missile</Filter>
    </ClCompile>
    <ClCompile Include="..\private\MissileSmoke.cpp">
      <Filter>02.GameObjects\06.UIObject\Score\Missile\MissileSmoke</Filter>
    </ClCompile>
    <ClCompile Include="..\private\MissileExplosionEffect.cpp">
      <Filter>02.GameObjects\06.UIObject\Score\Missile\MissileExplosionEffect</Filter>
    </ClCompile>
    <ClCompile Include="..\private\3DCustom.cpp">
      <Filter>02.GameObjects\3DCustom</Filter>
    </ClCompile>
    <ClCompile Include="..\private\Monkey.cpp">
      <Filter>02.GameObjects\3DCustom\Monkey</Filter>
    </ClCompile>
    <ClCompile Include="..\private\DragonHead.cpp">
      <Filter>02.GameObjects\3DCustom\DragonHead</Filter>
    </ClCompile>
  </ItemGroup>
  <ItemGroup>
    <FxCompile Include="..\Bin\ShaderFiles\Shader_VtxPosTex.hlsl">
      <Filter>97.ShaderFiles</Filter>
    </FxCompile>
    <FxCompile Include="..\Bin\ShaderFiles\Shader_VtxNorTex.hlsl">
      <Filter>97.ShaderFiles</Filter>
    </FxCompile>
    <FxCompile Include="..\Bin\ShaderFiles\Shader_VtxMesh.hlsl">
      <Filter>97.ShaderFiles</Filter>
    </FxCompile>
    <FxCompile Include="..\Bin\ShaderFiles\Shader_VtxRectInstance.hlsl">
      <Filter>97.ShaderFiles</Filter>
    </FxCompile>
    <FxCompile Include="..\Bin\ShaderFiles\Shader_VtxPosInstance.hlsl">
      <Filter>97.ShaderFiles</Filter>
    </FxCompile>
    <FxCompile Include="..\Bin\ShaderFiles\Shader_Boundary.hlsl">
      <Filter>97.ShaderFiles</Filter>
    </FxCompile>
  </ItemGroup>
</Project>